// !$*UTF8*$!
{
	archiveVersion = 1;
	classes = {
	};
	objectVersion = 46;
	objects = {

/* Begin PBXBuildFile section */
		1BC3CD6D1C21788A0065E457 /* main.m in Sources */ = {isa = PBXBuildFile; fileRef = 1BC3CD6C1C21788A0065E457 /* main.m */; };
		1BC3CD701C21788A0065E457 /* AppDelegate.m in Sources */ = {isa = PBXBuildFile; fileRef = 1BC3CD6F1C21788A0065E457 /* AppDelegate.m */; };
		1BC3CD731C21788A0065E457 /* ViewController.m in Sources */ = {isa = PBXBuildFile; fileRef = 1BC3CD721C21788A0065E457 /* ViewController.m */; };
		1BC3CD761C21788A0065E457 /* Main.storyboard in Resources */ = {isa = PBXBuildFile; fileRef = 1BC3CD741C21788A0065E457 /* Main.storyboard */; };
		1BC3CD781C21788A0065E457 /* Assets.xcassets in Resources */ = {isa = PBXBuildFile; fileRef = 1BC3CD771C21788A0065E457 /* Assets.xcassets */; };
		1BC3CD7B1C21788A0065E457 /* LaunchScreen.storyboard in Resources */ = {isa = PBXBuildFile; fileRef = 1BC3CD791C21788A0065E457 /* LaunchScreen.storyboard */; };
		1BC3CD841C21A3AC0065E457 /* MTStudent.m in Sources */ = {isa = PBXBuildFile; fileRef = 1BC3CD831C21A3AC0065E457 /* MTStudent.m */; };
		1BC3CD871C22A71D0065E457 /* MTPatient.m in Sources */ = {isa = PBXBuildFile; fileRef = 1BC3CD861C22A71D0065E457 /* MTPatient.m */; };
		1BC3CD8B1C22A8580065E457 /* MTRandomValues.m in Sources */ = {isa = PBXBuildFile; fileRef = 1BC3CD8A1C22A8580065E457 /* MTRandomValues.m */; };
/* End PBXBuildFile section */

/* Begin PBXFileReference section */
		1BC3CD681C21788A0065E457 /* task#12_blockTest.app */ = {isa = PBXFileReference; explicitFileType = wrapper.application; includeInIndex = 0; path = "task#12_blockTest.app"; sourceTree = BUILT_PRODUCTS_DIR; };
		1BC3CD6C1C21788A0065E457 /* main.m */ = {isa = PBXFileReference; lastKnownFileType = sourcecode.c.objc; path = main.m; sourceTree = "<group>"; };
		1BC3CD6E1C21788A0065E457 /* AppDelegate.h */ = {isa = PBXFileReference; lastKnownFileType = sourcecode.c.h; path = AppDelegate.h; sourceTree = "<group>"; };
		1BC3CD6F1C21788A0065E457 /* AppDelegate.m */ = {isa = PBXFileReference; lastKnownFileType = sourcecode.c.objc; path = AppDelegate.m; sourceTree = "<group>"; };
		1BC3CD711C21788A0065E457 /* ViewController.h */ = {isa = PBXFileReference; lastKnownFileType = sourcecode.c.h; path = ViewController.h; sourceTree = "<group>"; };
		1BC3CD721C21788A0065E457 /* ViewController.m */ = {isa = PBXFileReference; lastKnownFileType = sourcecode.c.objc; path = ViewController.m; sourceTree = "<group>"; };
		1BC3CD751C21788A0065E457 /* Base */ = {isa = PBXFileReference; lastKnownFileType = file.storyboard; name = Base; path = Base.lproj/Main.storyboard; sourceTree = "<group>"; };
		1BC3CD771C21788A0065E457 /* Assets.xcassets */ = {isa = PBXFileReference; lastKnownFileType = folder.assetcatalog; path = Assets.xcassets; sourceTree = "<group>"; };
		1BC3CD7A1C21788A0065E457 /* Base */ = {isa = PBXFileReference; lastKnownFileType = file.storyboard; name = Base; path = Base.lproj/LaunchScreen.storyboard; sourceTree = "<group>"; };
		1BC3CD7C1C21788A0065E457 /* Info.plist */ = {isa = PBXFileReference; lastKnownFileType = text.plist.xml; path = Info.plist; sourceTree = "<group>"; };
		1BC3CD821C21A3AC0065E457 /* MTStudent.h */ = {isa = PBXFileReference; fileEncoding = 4; lastKnownFileType = sourcecode.c.h; path = MTStudent.h; sourceTree = "<group>"; };
		1BC3CD831C21A3AC0065E457 /* MTStudent.m */ = {isa = PBXFileReference; fileEncoding = 4; lastKnownFileType = sourcecode.c.objc; path = MTStudent.m; sourceTree = "<group>"; };
		1BC3CD851C22A71D0065E457 /* MTPatient.h */ = {isa = PBXFileReference; fileEncoding = 4; lastKnownFileType = sourcecode.c.h; path = MTPatient.h; sourceTree = "<group>"; };
		1BC3CD861C22A71D0065E457 /* MTPatient.m */ = {isa = PBXFileReference; fileEncoding = 4; lastKnownFileType = sourcecode.c.objc; path = MTPatient.m; sourceTree = "<group>"; };
		1BC3CD891C22A8580065E457 /* MTRandomValues.h */ = {isa = PBXFileReference; fileEncoding = 4; lastKnownFileType = sourcecode.c.h; path = MTRandomValues.h; sourceTree = "<group>"; };
		1BC3CD8A1C22A8580065E457 /* MTRandomValues.m */ = {isa = PBXFileReference; fileEncoding = 4; lastKnownFileType = sourcecode.c.objc; path = MTRandomValues.m; sourceTree = "<group>"; };
		1BC3CD8C1C22C0D10065E457 /* MTMacros.h */ = {isa = PBXFileReference; lastKnownFileType = sourcecode.c.h; path = MTMacros.h; sourceTree = "<group>"; };
/* End PBXFileReference section */

/* Begin PBXFrameworksBuildPhase section */
		1BC3CD651C21788A0065E457 /* Frameworks */ = {
			isa = PBXFrameworksBuildPhase;
			buildActionMask = 2147483647;
			files = (
			);
			runOnlyForDeploymentPostprocessing = 0;
		};
/* End PBXFrameworksBuildPhase section */

/* Begin PBXGroup section */
		1BC3CD5F1C21788A0065E457 = {
			isa = PBXGroup;
			children = (
				1BC3CD881C22A8580065E457 /* Extensions */,
				1BC3CD6A1C21788A0065E457 /* task#12_blockTest */,
				1BC3CD691C21788A0065E457 /* Products */,
			);
			sourceTree = "<group>";
		};
		1BC3CD691C21788A0065E457 /* Products */ = {
			isa = PBXGroup;
			children = (
				1BC3CD681C21788A0065E457 /* task#12_blockTest.app */,
			);
			name = Products;
			sourceTree = "<group>";
		};
		1BC3CD6A1C21788A0065E457 /* task#12_blockTest */ = {
			isa = PBXGroup;
			children = (
				1BC3CD8C1C22C0D10065E457 /* MTMacros.h */,
				1BC3CD851C22A71D0065E457 /* MTPatient.h */,
				1BC3CD861C22A71D0065E457 /* MTPatient.m */,
				1BC3CD821C21A3AC0065E457 /* MTStudent.h */,
				1BC3CD831C21A3AC0065E457 /* MTStudent.m */,
				1BC3CD6E1C21788A0065E457 /* AppDelegate.h */,
				1BC3CD6F1C21788A0065E457 /* AppDelegate.m */,
				1BC3CD711C21788A0065E457 /* ViewController.h */,
				1BC3CD721C21788A0065E457 /* ViewController.m */,
				1BC3CD741C21788A0065E457 /* Main.storyboard */,
				1BC3CD771C21788A0065E457 /* Assets.xcassets */,
				1BC3CD791C21788A0065E457 /* LaunchScreen.storyboard */,
				1BC3CD7C1C21788A0065E457 /* Info.plist */,
				1BC3CD6B1C21788A0065E457 /* Supporting Files */,
			);
			path = "task#12_blockTest";
			sourceTree = "<group>";
		};
		1BC3CD6B1C21788A0065E457 /* Supporting Files */ = {
			isa = PBXGroup;
			children = (
				1BC3CD6C1C21788A0065E457 /* main.m */,
			);
			name = "Supporting Files";
			sourceTree = "<group>";
		};
		1BC3CD881C22A8580065E457 /* Extensions */ = {
			isa = PBXGroup;
			children = (
				1BC3CD891C22A8580065E457 /* MTRandomValues.h */,
				1BC3CD8A1C22A8580065E457 /* MTRandomValues.m */,
			);
			name = Extensions;
			path = "task#12_blockTest/Extensions";
			sourceTree = "<group>";
		};
/* End PBXGroup section */

/* Begin PBXNativeTarget section */
		1BC3CD671C21788A0065E457 /* task#12_blockTest */ = {
			isa = PBXNativeTarget;
			buildConfigurationList = 1BC3CD7F1C21788A0065E457 /* Build configuration list for PBXNativeTarget "task#12_blockTest" */;
			buildPhases = (
				1BC3CD641C21788A0065E457 /* Sources */,
				1BC3CD651C21788A0065E457 /* Frameworks */,
				1BC3CD661C21788A0065E457 /* Resources */,
			);
			buildRules = (
			);
			dependencies = (
			);
			name = "task#12_blockTest";
			productName = "task#12_blockTest";
			productReference = 1BC3CD681C21788A0065E457 /* task#12_blockTest.app */;
			productType = "com.apple.product-type.application";
		};
/* End PBXNativeTarget section */

/* Begin PBXProject section */
		1BC3CD601C21788A0065E457 /* Project object */ = {
			isa = PBXProject;
			attributes = {
				LastUpgradeCheck = 0720;
				ORGANIZATIONNAME = "Mark Tezza";
				TargetAttributes = {
					1BC3CD671C21788A0065E457 = {
						CreatedOnToolsVersion = 7.2;
						DevelopmentTeam = Z662YN573K;
					};
				};
			};
			buildConfigurationList = 1BC3CD631C21788A0065E457 /* Build configuration list for PBXProject "task#12_blockTest" */;
			compatibilityVersion = "Xcode 3.2";
			developmentRegion = English;
			hasScannedForEncodings = 0;
			knownRegions = (
				en,
				Base,
			);
			mainGroup = 1BC3CD5F1C21788A0065E457;
			productRefGroup = 1BC3CD691C21788A0065E457 /* Products */;
			projectDirPath = "";
			projectRoot = "";
			targets = (
				1BC3CD671C21788A0065E457 /* task#12_blockTest */,
			);
		};
/* End PBXProject section */

/* Begin PBXResourcesBuildPhase section */
		1BC3CD661C21788A0065E457 /* Resources */ = {
			isa = PBXResourcesBuildPhase;
			buildActionMask = 2147483647;
			files = (
				1BC3CD7B1C21788A0065E457 /* LaunchScreen.storyboard in Resources */,
				1BC3CD781C21788A0065E457 /* Assets.xcassets in Resources */,
				1BC3CD761C21788A0065E457 /* Main.storyboard in Resources */,
			);
			runOnlyForDeploymentPostprocessing = 0;
		};
/* End PBXResourcesBuildPhase section */

/* Begin PBXSourcesBuildPhase section */
		1BC3CD641C21788A0065E457 /* Sources */ = {
			isa = PBXSourcesBuildPhase;
			buildActionMask = 2147483647;
			files = (
				1BC3CD731C21788A0065E457 /* ViewController.m in Sources */,
				1BC3CD8B1C22A8580065E457 /* MTRandomValues.m in Sources */,
				1BC3CD701C21788A0065E457 /* AppDelegate.m in Sources */,
				1BC3CD841C21A3AC0065E457 /* MTStudent.m in Sources */,
				1BC3CD6D1C21788A0065E457 /* main.m in Sources */,
				1BC3CD871C22A71D0065E457 /* MTPatient.m in Sources */,
			);
			runOnlyForDeploymentPostprocessing = 0;
		};
/* End PBXSourcesBuildPhase section */

/* Begin PBXVariantGroup section */
		1BC3CD741C21788A0065E457 /* Main.storyboard */ = {
			isa = PBXVariantGroup;
			children = (
				1BC3CD751C21788A0065E457 /* Base */,
			);
			name = Main.storyboard;
			sourceTree = "<group>";
		};
		1BC3CD791C21788A0065E457 /* LaunchScreen.storyboard */ = {
			isa = PBXVariantGroup;
			children = (
				1BC3CD7A1C21788A0065E457 /* Base */,
			);
			name = LaunchScreen.storyboard;
			sourceTree = "<group>";
		};
/* End PBXVariantGroup section */

/* Begin XCBuildConfiguration section */
		1BC3CD7D1C21788A0065E457 /* Debug */ = {
			isa = XCBuildConfiguration;
			buildSettings = {
				ALWAYS_SEARCH_USER_PATHS = NO;
				CLANG_CXX_LANGUAGE_STANDARD = "gnu++0x";
				CLANG_CXX_LIBRARY = "libc++";
				CLANG_ENABLE_MODULES = YES;
				CLANG_ENABLE_OBJC_ARC = YES;
				CLANG_WARN_BOOL_CONVERSION = YES;
				CLANG_WARN_CONSTANT_CONVERSION = YES;
				CLANG_WARN_DIRECT_OBJC_ISA_USAGE = YES_ERROR;
				CLANG_WARN_EMPTY_BODY = YES;
				CLANG_WARN_ENUM_CONVERSION = YES;
				CLANG_WARN_INT_CONVERSION = YES;
				CLANG_WARN_OBJC_ROOT_CLASS = YES_ERROR;
				CLANG_WARN_UNREACHABLE_CODE = YES;
				CLANG_WARN__DUPLICATE_METHOD_MATCH = YES;
				"CODE_SIGN_IDENTITY[sdk=iphoneos*]" = "iPhone Developer";
				COPY_PHASE_STRIP = NO;
				DEBUG_INFORMATION_FORMAT = dwarf;
				ENABLE_STRICT_OBJC_MSGSEND = YES;
				ENABLE_TESTABILITY = YES;
				GCC_C_LANGUAGE_STANDARD = gnu99;
				GCC_DYNAMIC_NO_PIC = NO;
				GCC_NO_COMMON_BLOCKS = YES;
				GCC_OPTIMIZATION_LEVEL = 0;
				GCC_PREPROCESSOR_DEFINITIONS = (
					"DEBUG=1",
					"$(inherited)",
				);
				GCC_WARN_64_TO_32_BIT_CONVERSION = YES;
				GCC_WARN_ABOUT_RETURN_TYPE = YES_ERROR;
				GCC_WARN_UNDECLARED_SELECTOR = YES;
				GCC_WARN_UNINITIALIZED_AUTOS = YES_AGGRESSIVE;
				GCC_WARN_UNUSED_FUNCTION = YES;
				GCC_WARN_UNUSED_VARIABLE = YES;
				IPHONEOS_DEPLOYMENT_TARGET = 9.2;
				MTL_ENABLE_DEBUG_INFO = YES;
				ONLY_ACTIVE_ARCH = YES;
				SDKROOT = iphoneos;
			};
			name = Debug;
		};
		1BC3CD7E1C21788A0065E457 /* Release */ = {
			isa = XCBuildConfiguration;
			buildSettings = {
				ALWAYS_SEARCH_USER_PATHS = NO;
				CLANG_CXX_LANGUAGE_STANDARD = "gnu++0x";
				CLANG_CXX_LIBRARY = "libc++";
				CLANG_ENABLE_MODULES = YES;
				CLANG_ENABLE_OBJC_ARC = YES;
				CLANG_WARN_BOOL_CONVERSION = YES;
				CLANG_WARN_CONSTANT_CONVERSION = YES;
				CLANG_WARN_DIRECT_OBJC_ISA_USAGE = YES_ERROR;
				CLANG_WARN_EMPTY_BODY = YES;
				CLANG_WARN_ENUM_CONVERSION = YES;
				CLANG_WARN_INT_CONVERSION = YES;
				CLANG_WARN_OBJC_ROOT_CLASS = YES_ERROR;
				CLANG_WARN_UNREACHABLE_CODE = YES;
				CLANG_WARN__DUPLICATE_METHOD_MATCH = YES;
				"CODE_SIGN_IDENTITY[sdk=iphoneos*]" = "iPhone Developer";
				COPY_PHASE_STRIP = NO;
				DEBUG_INFORMATION_FORMAT = "dwarf-with-dsym";
				ENABLE_NS_ASSERTIONS = NO;
				ENABLE_STRICT_OBJC_MSGSEND = YES;
				GCC_C_LANGUAGE_STANDARD = gnu99;
				GCC_NO_COMMON_BLOCKS = YES;
				GCC_WARN_64_TO_32_BIT_CONVERSION = YES;
				GCC_WARN_ABOUT_RETURN_TYPE = YES_ERROR;
				GCC_WARN_UNDECLARED_SELECTOR = YES;
				GCC_WARN_UNINITIALIZED_AUTOS = YES_AGGRESSIVE;
				GCC_WARN_UNUSED_FUNCTION = YES;
				GCC_WARN_UNUSED_VARIABLE = YES;
				IPHONEOS_DEPLOYMENT_TARGET = 9.2;
				MTL_ENABLE_DEBUG_INFO = NO;
				SDKROOT = iphoneos;
				VALIDATE_PRODUCT = YES;
			};
			name = Release;
		};
		1BC3CD801C21788A0065E457 /* Debug */ = {
			isa = XCBuildConfiguration;
			buildSettings = {
				ASSETCATALOG_COMPILER_APPICON_NAME = AppIcon;
				INFOPLIST_FILE = "task#12_blockTest/Info.plist";
				LD_RUNPATH_SEARCH_PATHS = "$(inherited) @executable_path/Frameworks";
				PRODUCT_BUNDLE_IDENTIFIER = "MT.task-12-blockTest";
				PRODUCT_NAME = "$(TARGET_NAME)";
			};
			name = Debug;
		};
		1BC3CD811C21788A0065E457 /* Release */ = {
			isa = XCBuildConfiguration;
			buildSettings = {
				ASSETCATALOG_COMPILER_APPICON_NAME = AppIcon;
				INFOPLIST_FILE = "task#12_blockTest/Info.plist";
				LD_RUNPATH_SEARCH_PATHS = "$(inherited) @executable_path/Frameworks";
				PRODUCT_BUNDLE_IDENTIFIER = "MT.task-12-blockTest";
				PRODUCT_NAME = "$(TARGET_NAME)";
			};
			name = Release;
		};
/* End XCBuildConfiguration section */

/* Begin XCConfigurationList section */
		1BC3CD631C21788A0065E457 /* Build configuration list for PBXProject "task#12_blockTest" */ = {
			isa = XCConfigurationList;
			buildConfigurations = (
				1BC3CD7D1C21788A0065E457 /* Debug */,
				1BC3CD7E1C21788A0065E457 /* Release */,
			);
			defaultConfigurationIsVisible = 0;
			defaultConfigurationName = Release;
		};
		1BC3CD7F1C21788A0065E457 /* Build configuration list for PBXNativeTarget "task#12_blockTest" */ = {
			isa = XCConfigurationList;
			buildConfigurations = (
				1BC3CD801C21788A0065E457 /* Debug */,
				1BC3CD811C21788A0065E457 /* Release */,
			);
			defaultConfigurationIsVisible = 0;
		};
/* End XCConfigurationList section */
	};
	rootObject = 1BC3CD601C21788A0065E457 /* Project object */;
}
