// !$*UTF8*$!
{
	archiveVersion = 1;
	classes = {
	};
	objectVersion = 46;
	objects = {

/* Begin PBXBuildFile section */
		1B6B6ADC1C7722B500B6F00A /* main.m in Sources */ = {isa = PBXBuildFile; fileRef = 1B6B6ADB1C7722B500B6F00A /* main.m */; };
		1B6B6ADF1C7722B500B6F00A /* AppDelegate.m in Sources */ = {isa = PBXBuildFile; fileRef = 1B6B6ADE1C7722B500B6F00A /* AppDelegate.m */; };
		1B6B6AE51C7722B500B6F00A /* Main.storyboard in Resources */ = {isa = PBXBuildFile; fileRef = 1B6B6AE31C7722B500B6F00A /* Main.storyboard */; };
		1B6B6AE71C7722B500B6F00A /* Assets.xcassets in Resources */ = {isa = PBXBuildFile; fileRef = 1B6B6AE61C7722B500B6F00A /* Assets.xcassets */; };
		1B6B6AEA1C7722B500B6F00A /* LaunchScreen.storyboard in Resources */ = {isa = PBXBuildFile; fileRef = 1B6B6AE81C7722B500B6F00A /* LaunchScreen.storyboard */; };
		1B6B6AF31C77231B00B6F00A /* StaticCellsTableViewController.m in Sources */ = {isa = PBXBuildFile; fileRef = 1B6B6AF21C77231B00B6F00A /* StaticCellsTableViewController.m */; };
/* End PBXBuildFile section */

/* Begin PBXFileReference section */
		1B6B6AD71C7722B500B6F00A /* StaticTableCells.app */ = {isa = PBXFileReference; explicitFileType = wrapper.application; includeInIndex = 0; path = StaticTableCells.app; sourceTree = BUILT_PRODUCTS_DIR; };
		1B6B6ADB1C7722B500B6F00A /* main.m */ = {isa = PBXFileReference; lastKnownFileType = sourcecode.c.objc; path = main.m; sourceTree = "<group>"; };
		1B6B6ADD1C7722B500B6F00A /* AppDelegate.h */ = {isa = PBXFileReference; lastKnownFileType = sourcecode.c.h; path = AppDelegate.h; sourceTree = "<group>"; };
		1B6B6ADE1C7722B500B6F00A /* AppDelegate.m */ = {isa = PBXFileReference; lastKnownFileType = sourcecode.c.objc; path = AppDelegate.m; sourceTree = "<group>"; };
		1B6B6AE41C7722B500B6F00A /* Base */ = {isa = PBXFileReference; lastKnownFileType = file.storyboard; name = Base; path = Base.lproj/Main.storyboard; sourceTree = "<group>"; };
		1B6B6AE61C7722B500B6F00A /* Assets.xcassets */ = {isa = PBXFileReference; lastKnownFileType = folder.assetcatalog; path = Assets.xcassets; sourceTree = "<group>"; };
		1B6B6AE91C7722B500B6F00A /* Base */ = {isa = PBXFileReference; lastKnownFileType = file.storyboard; name = Base; path = Base.lproj/LaunchScreen.storyboard; sourceTree = "<group>"; };
		1B6B6AEB1C7722B500B6F00A /* Info.plist */ = {isa = PBXFileReference; lastKnownFileType = text.plist.xml; path = Info.plist; sourceTree = "<group>"; };
		1B6B6AF11C77231B00B6F00A /* StaticCellsTableViewController.h */ = {isa = PBXFileReference; fileEncoding = 4; lastKnownFileType = sourcecode.c.h; path = StaticCellsTableViewController.h; sourceTree = "<group>"; };
		1B6B6AF21C77231B00B6F00A /* StaticCellsTableViewController.m */ = {isa = PBXFileReference; fileEncoding = 4; lastKnownFileType = sourcecode.c.objc; path = StaticCellsTableViewController.m; sourceTree = "<group>"; };
/* End PBXFileReference section */

/* Begin PBXFrameworksBuildPhase section */
		1B6B6AD41C7722B500B6F00A /* Frameworks */ = {
			isa = PBXFrameworksBuildPhase;
			buildActionMask = 2147483647;
			files = (
			);
			runOnlyForDeploymentPostprocessing = 0;
		};
/* End PBXFrameworksBuildPhase section */

/* Begin PBXGroup section */
		1B6B6ACE1C7722B500B6F00A = {
			isa = PBXGroup;
			children = (
				1B6B6AD91C7722B500B6F00A /* StaticTableCells */,
				1B6B6AD81C7722B500B6F00A /* Products */,
			);
			sourceTree = "<group>";
		};
		1B6B6AD81C7722B500B6F00A /* Products */ = {
			isa = PBXGroup;
			children = (
				1B6B6AD71C7722B500B6F00A /* StaticTableCells.app */,
			);
			name = Products;
			sourceTree = "<group>";
		};
		1B6B6AD91C7722B500B6F00A /* StaticTableCells */ = {
			isa = PBXGroup;
			children = (
				1B6B6AF11C77231B00B6F00A /* StaticCellsTableViewController.h */,
				1B6B6AF21C77231B00B6F00A /* StaticCellsTableViewController.m */,
				1B6B6ADD1C7722B500B6F00A /* AppDelegate.h */,
				1B6B6ADE1C7722B500B6F00A /* AppDelegate.m */,
				1B6B6AE31C7722B500B6F00A /* Main.storyboard */,
				1B6B6AE61C7722B500B6F00A /* Assets.xcassets */,
				1B6B6AE81C7722B500B6F00A /* LaunchScreen.storyboard */,
				1B6B6AEB1C7722B500B6F00A /* Info.plist */,
				1B6B6ADA1C7722B500B6F00A /* Supporting Files */,
			);
			path = StaticTableCells;
			sourceTree = "<group>";
		};
		1B6B6ADA1C7722B500B6F00A /* Supporting Files */ = {
			isa = PBXGroup;
			children = (
				1B6B6ADB1C7722B500B6F00A /* main.m */,
			);
			name = "Supporting Files";
			sourceTree = "<group>";
		};
/* End PBXGroup section */

/* Begin PBXNativeTarget section */
		1B6B6AD61C7722B500B6F00A /* StaticTableCells */ = {
			isa = PBXNativeTarget;
			buildConfigurationList = 1B6B6AEE1C7722B500B6F00A /* Build configuration list for PBXNativeTarget "StaticTableCells" */;
			buildPhases = (
				1B6B6AD31C7722B500B6F00A /* Sources */,
				1B6B6AD41C7722B500B6F00A /* Frameworks */,
				1B6B6AD51C7722B500B6F00A /* Resources */,
			);
			buildRules = (
			);
			dependencies = (
			);
			name = StaticTableCells;
			productName = StaticTableCells;
			productReference = 1B6B6AD71C7722B500B6F00A /* StaticTableCells.app */;
			productType = "com.apple.product-type.application";
		};
/* End PBXNativeTarget section */

/* Begin PBXProject section */
		1B6B6ACF1C7722B500B6F00A /* Project object */ = {
			isa = PBXProject;
			attributes = {
				LastUpgradeCheck = 0720;
				ORGANIZATIONNAME = "Mark Tezza";
				TargetAttributes = {
					1B6B6AD61C7722B500B6F00A = {
						CreatedOnToolsVersion = 7.2.1;
						DevelopmentTeam = Z662YN573K;
					};
				};
			};
			buildConfigurationList = 1B6B6AD21C7722B500B6F00A /* Build configuration list for PBXProject "StaticTableCells" */;
			compatibilityVersion = "Xcode 3.2";
			developmentRegion = English;
			hasScannedForEncodings = 0;
			knownRegions = (
				en,
				Base,
			);
			mainGroup = 1B6B6ACE1C7722B500B6F00A;
			productRefGroup = 1B6B6AD81C7722B500B6F00A /* Products */;
			projectDirPath = "";
			projectRoot = "";
			targets = (
				1B6B6AD61C7722B500B6F00A /* StaticTableCells */,
			);
		};
/* End PBXProject section */

/* Begin PBXResourcesBuildPhase section */
		1B6B6AD51C7722B500B6F00A /* Resources */ = {
			isa = PBXResourcesBuildPhase;
			buildActionMask = 2147483647;
			files = (
				1B6B6AEA1C7722B500B6F00A /* LaunchScreen.storyboard in Resources */,
				1B6B6AE71C7722B500B6F00A /* Assets.xcassets in Resources */,
				1B6B6AE51C7722B500B6F00A /* Main.storyboard in Resources */,
			);
			runOnlyForDeploymentPostprocessing = 0;
		};
/* End PBXResourcesBuildPhase section */

/* Begin PBXSourcesBuildPhase section */
		1B6B6AD31C7722B500B6F00A /* Sources */ = {
			isa = PBXSourcesBuildPhase;
			buildActionMask = 2147483647;
			files = (
				1B6B6AF31C77231B00B6F00A /* StaticCellsTableViewController.m in Sources */,
				1B6B6ADF1C7722B500B6F00A /* AppDelegate.m in Sources */,
				1B6B6ADC1C7722B500B6F00A /* main.m in Sources */,
			);
			runOnlyForDeploymentPostprocessing = 0;
		};
/* End PBXSourcesBuildPhase section */

/* Begin PBXVariantGroup section */
		1B6B6AE31C7722B500B6F00A /* Main.storyboard */ = {
			isa = PBXVariantGroup;
			children = (
				1B6B6AE41C7722B500B6F00A /* Base */,
			);
			name = Main.storyboard;
			sourceTree = "<group>";
		};
		1B6B6AE81C7722B500B6F00A /* LaunchScreen.storyboard */ = {
			isa = PBXVariantGroup;
			children = (
				1B6B6AE91C7722B500B6F00A /* Base */,
			);
			name = LaunchScreen.storyboard;
			sourceTree = "<group>";
		};
/* End PBXVariantGroup section */

/* Begin XCBuildConfiguration section */
		1B6B6AEC1C7722B500B6F00A /* Debug */ = {
			isa = XCBuildConfiguration;
			buildSettings = {
				ALWAYS_SEARCH_USER_PATHS = NO;
				CLANG_CXX_LANGUAGE_STANDARD = "gnu++0x";
				CLANG_CXX_LIBRARY = "libc++";
				CLANG_ENABLE_MODULES = YES;
				CLANG_ENABLE_OBJC_ARC = YES;
				CLANG_WARN_BOOL_CONVERSION = YES;
				CLANG_WARN_CONSTANT_CONVERSION = YES;
				CLANG_WARN_DIRECT_OBJC_ISA_USAGE = YES_ERROR;
				CLANG_WARN_EMPTY_BODY = YES;
				CLANG_WARN_ENUM_CONVERSION = YES;
				CLANG_WARN_INT_CONVERSION = YES;
				CLANG_WARN_OBJC_ROOT_CLASS = YES_ERROR;
				CLANG_WARN_UNREACHABLE_CODE = YES;
				CLANG_WARN__DUPLICATE_METHOD_MATCH = YES;
				"CODE_SIGN_IDENTITY[sdk=iphoneos*]" = "iPhone Developer";
				COPY_PHASE_STRIP = NO;
				DEBUG_INFORMATION_FORMAT = dwarf;
				ENABLE_STRICT_OBJC_MSGSEND = YES;
				ENABLE_TESTABILITY = YES;
				GCC_C_LANGUAGE_STANDARD = gnu99;
				GCC_DYNAMIC_NO_PIC = NO;
				GCC_NO_COMMON_BLOCKS = YES;
				GCC_OPTIMIZATION_LEVEL = 0;
				GCC_PREPROCESSOR_DEFINITIONS = (
					"DEBUG=1",
					"$(inherited)",
				);
				GCC_WARN_64_TO_32_BIT_CONVERSION = YES;
				GCC_WARN_ABOUT_RETURN_TYPE = YES_ERROR;
				GCC_WARN_UNDECLARED_SELECTOR = YES;
				GCC_WARN_UNINITIALIZED_AUTOS = YES_AGGRESSIVE;
				GCC_WARN_UNUSED_FUNCTION = YES;
				GCC_WARN_UNUSED_VARIABLE = YES;
				IPHONEOS_DEPLOYMENT_TARGET = 9.2;
				MTL_ENABLE_DEBUG_INFO = YES;
				ONLY_ACTIVE_ARCH = YES;
				SDKROOT = iphoneos;
				TARGETED_DEVICE_FAMILY = "1,2";
			};
			name = Debug;
		};
		1B6B6AED1C7722B500B6F00A /* Release */ = {
			isa = XCBuildConfiguration;
			buildSettings = {
				ALWAYS_SEARCH_USER_PATHS = NO;
				CLANG_CXX_LANGUAGE_STANDARD = "gnu++0x";
				CLANG_CXX_LIBRARY = "libc++";
				CLANG_ENABLE_MODULES = YES;
				CLANG_ENABLE_OBJC_ARC = YES;
				CLANG_WARN_BOOL_CONVERSION = YES;
				CLANG_WARN_CONSTANT_CONVERSION = YES;
				CLANG_WARN_DIRECT_OBJC_ISA_USAGE = YES_ERROR;
				CLANG_WARN_EMPTY_BODY = YES;
				CLANG_WARN_ENUM_CONVERSION = YES;
				CLANG_WARN_INT_CONVERSION = YES;
				CLANG_WARN_OBJC_ROOT_CLASS = YES_ERROR;
				CLANG_WARN_UNREACHABLE_CODE = YES;
				CLANG_WARN__DUPLICATE_METHOD_MATCH = YES;
				"CODE_SIGN_IDENTITY[sdk=iphoneos*]" = "iPhone Developer";
				COPY_PHASE_STRIP = NO;
				DEBUG_INFORMATION_FORMAT = "dwarf-with-dsym";
				ENABLE_NS_ASSERTIONS = NO;
				ENABLE_STRICT_OBJC_MSGSEND = YES;
				GCC_C_LANGUAGE_STANDARD = gnu99;
				GCC_NO_COMMON_BLOCKS = YES;
				GCC_WARN_64_TO_32_BIT_CONVERSION = YES;
				GCC_WARN_ABOUT_RETURN_TYPE = YES_ERROR;
				GCC_WARN_UNDECLARED_SELECTOR = YES;
				GCC_WARN_UNINITIALIZED_AUTOS = YES_AGGRESSIVE;
				GCC_WARN_UNUSED_FUNCTION = YES;
				GCC_WARN_UNUSED_VARIABLE = YES;
				IPHONEOS_DEPLOYMENT_TARGET = 9.2;
				MTL_ENABLE_DEBUG_INFO = NO;
				SDKROOT = iphoneos;
				TARGETED_DEVICE_FAMILY = "1,2";
				VALIDATE_PRODUCT = YES;
			};
			name = Release;
		};
		1B6B6AEF1C7722B500B6F00A /* Debug */ = {
			isa = XCBuildConfiguration;
			buildSettings = {
				ASSETCATALOG_COMPILER_APPICON_NAME = AppIcon;
				INFOPLIST_FILE = StaticTableCells/Info.plist;
				LD_RUNPATH_SEARCH_PATHS = "$(inherited) @executable_path/Frameworks";
				PRODUCT_BUNDLE_IDENTIFIER = MT.StaticTableCells;
				PRODUCT_NAME = "$(TARGET_NAME)";
			};
			name = Debug;
		};
		1B6B6AF01C7722B500B6F00A /* Release */ = {
			isa = XCBuildConfiguration;
			buildSettings = {
				ASSETCATALOG_COMPILER_APPICON_NAME = AppIcon;
				INFOPLIST_FILE = StaticTableCells/Info.plist;
				LD_RUNPATH_SEARCH_PATHS = "$(inherited) @executable_path/Frameworks";
				PRODUCT_BUNDLE_IDENTIFIER = MT.StaticTableCells;
				PRODUCT_NAME = "$(TARGET_NAME)";
			};
			name = Release;
		};
/* End XCBuildConfiguration section */

/* Begin XCConfigurationList section */
		1B6B6AD21C7722B500B6F00A /* Build configuration list for PBXProject "StaticTableCells" */ = {
			isa = XCConfigurationList;
			buildConfigurations = (
				1B6B6AEC1C7722B500B6F00A /* Debug */,
				1B6B6AED1C7722B500B6F00A /* Release */,
			);
			defaultConfigurationIsVisible = 0;
			defaultConfigurationName = Release;
		};
		1B6B6AEE1C7722B500B6F00A /* Build configuration list for PBXNativeTarget "StaticTableCells" */ = {
			isa = XCConfigurationList;
			buildConfigurations = (
				1B6B6AEF1C7722B500B6F00A /* Debug */,
				1B6B6AF01C7722B500B6F00A /* Release */,
			);
			defaultConfigurationIsVisible = 0;
			defaultConfigurationName = Release;
		};
/* End XCConfigurationList section */
	};
	rootObject = 1B6B6ACF1C7722B500B6F00A /* Project object */;
}
