// !$*UTF8*$!
{
	archiveVersion = 1;
	classes = {
	};
	objectVersion = 46;
	objects = {

/* Begin PBXBuildFile section */
		1B724BC81C01D6B6008C0E5D /* main.m in Sources */ = {isa = PBXBuildFile; fileRef = 1B724BC71C01D6B6008C0E5D /* main.m */; };
		1B724BCB1C01D6B6008C0E5D /* MTAppDelegate.m in Sources */ = {isa = PBXBuildFile; fileRef = 1B724BCA1C01D6B6008C0E5D /* MTAppDelegate.m */; };
		1B724BE51C01D76A008C0E5D /* Assets.xcassets in Resources */ = {isa = PBXBuildFile; fileRef = 1B724BDE1C01D76A008C0E5D /* Assets.xcassets */; };
		1B724BE61C01D76A008C0E5D /* LaunchScreen.storyboard in Resources */ = {isa = PBXBuildFile; fileRef = 1B724BDF1C01D76A008C0E5D /* LaunchScreen.storyboard */; };
		1B724BEA1C01D771008C0E5D /* UIView+MTExtensions.m in Sources */ = {isa = PBXBuildFile; fileRef = 1B724BE91C01D771008C0E5D /* UIView+MTExtensions.m */; };
		1B724BF31C01DA74008C0E5D /* MTAppViewController.m in Sources */ = {isa = PBXBuildFile; fileRef = 1B724BF11C01DA74008C0E5D /* MTAppViewController.m */; };
		1B724BF41C01DA74008C0E5D /* MTAppViewController.xib in Resources */ = {isa = PBXBuildFile; fileRef = 1B724BF21C01DA74008C0E5D /* MTAppViewController.xib */; };
		1B724BF71C01DAD8008C0E5D /* MTAppView.m in Sources */ = {isa = PBXBuildFile; fileRef = 1B724BF61C01DAD8008C0E5D /* MTAppView.m */; };
/* End PBXBuildFile section */

/* Begin PBXFileReference section */
		1B724BC31C01D6B6008C0E5D /* MyAppIntro.app */ = {isa = PBXFileReference; explicitFileType = wrapper.application; includeInIndex = 0; path = MyAppIntro.app; sourceTree = BUILT_PRODUCTS_DIR; };
		1B724BC71C01D6B6008C0E5D /* main.m */ = {isa = PBXFileReference; lastKnownFileType = sourcecode.c.objc; path = main.m; sourceTree = "<group>"; };
		1B724BC91C01D6B6008C0E5D /* MTAppDelegate.h */ = {isa = PBXFileReference; lastKnownFileType = sourcecode.c.h; path = MTAppDelegate.h; sourceTree = "<group>"; };
		1B724BCA1C01D6B6008C0E5D /* MTAppDelegate.m */ = {isa = PBXFileReference; lastKnownFileType = sourcecode.c.objc; path = MTAppDelegate.m; sourceTree = "<group>"; };
		1B724BD71C01D6B6008C0E5D /* Info.plist */ = {isa = PBXFileReference; lastKnownFileType = text.plist.xml; path = Info.plist; sourceTree = "<group>"; };
		1B724BDE1C01D76A008C0E5D /* Assets.xcassets */ = {isa = PBXFileReference; lastKnownFileType = folder.assetcatalog; path = Assets.xcassets; sourceTree = "<group>"; };
		1B724BE01C01D76A008C0E5D /* Base */ = {isa = PBXFileReference; lastKnownFileType = file.storyboard; name = Base; path = Base.lproj/LaunchScreen.storyboard; sourceTree = "<group>"; };
		1B724BE81C01D771008C0E5D /* UIView+MTExtensions.h */ = {isa = PBXFileReference; fileEncoding = 4; lastKnownFileType = sourcecode.c.h; path = "UIView+MTExtensions.h"; sourceTree = "<group>"; };
		1B724BE91C01D771008C0E5D /* UIView+MTExtensions.m */ = {isa = PBXFileReference; fileEncoding = 4; lastKnownFileType = sourcecode.c.objc; path = "UIView+MTExtensions.m"; sourceTree = "<group>"; };
		1B724BF01C01DA74008C0E5D /* MTAppViewController.h */ = {isa = PBXFileReference; fileEncoding = 4; lastKnownFileType = sourcecode.c.h; path = MTAppViewController.h; sourceTree = "<group>"; };
		1B724BF11C01DA74008C0E5D /* MTAppViewController.m */ = {isa = PBXFileReference; fileEncoding = 4; lastKnownFileType = sourcecode.c.objc; path = MTAppViewController.m; sourceTree = "<group>"; };
		1B724BF21C01DA74008C0E5D /* MTAppViewController.xib */ = {isa = PBXFileReference; fileEncoding = 4; lastKnownFileType = file.xib; path = MTAppViewController.xib; sourceTree = "<group>"; };
		1B724BF51C01DAD8008C0E5D /* MTAppView.h */ = {isa = PBXFileReference; fileEncoding = 4; lastKnownFileType = sourcecode.c.h; path = MTAppView.h; sourceTree = "<group>"; };
		1B724BF61C01DAD8008C0E5D /* MTAppView.m */ = {isa = PBXFileReference; fileEncoding = 4; lastKnownFileType = sourcecode.c.objc; path = MTAppView.m; sourceTree = "<group>"; };
/* End PBXFileReference section */

/* Begin PBXFrameworksBuildPhase section */
		1B724BC01C01D6B6008C0E5D /* Frameworks */ = {
			isa = PBXFrameworksBuildPhase;
			buildActionMask = 2147483647;
			files = (
			);
			runOnlyForDeploymentPostprocessing = 0;
		};
/* End PBXFrameworksBuildPhase section */

/* Begin PBXGroup section */
		1B724BBA1C01D6B6008C0E5D = {
			isa = PBXGroup;
			children = (
				1B724BE71C01D771008C0E5D /* Extensions */,
				1B724BDD1C01D76A008C0E5D /* Resource */,
				1B724BE11C01D76A008C0E5D /* Source */,
				1B724BC51C01D6B6008C0E5D /* MyAppIntro */,
				1B724BC41C01D6B6008C0E5D /* Products */,
			);
			sourceTree = "<group>";
		};
		1B724BC41C01D6B6008C0E5D /* Products */ = {
			isa = PBXGroup;
			children = (
				1B724BC31C01D6B6008C0E5D /* MyAppIntro.app */,
			);
			name = Products;
			sourceTree = "<group>";
		};
		1B724BC51C01D6B6008C0E5D /* MyAppIntro */ = {
			isa = PBXGroup;
			children = (
				1B724BC91C01D6B6008C0E5D /* MTAppDelegate.h */,
				1B724BCA1C01D6B6008C0E5D /* MTAppDelegate.m */,
				1B724BD71C01D6B6008C0E5D /* Info.plist */,
				1B724BC61C01D6B6008C0E5D /* Supporting Files */,
			);
			path = MyAppIntro;
			sourceTree = "<group>";
		};
		1B724BC61C01D6B6008C0E5D /* Supporting Files */ = {
			isa = PBXGroup;
			children = (
				1B724BC71C01D6B6008C0E5D /* main.m */,
			);
			name = "Supporting Files";
			sourceTree = "<group>";
		};
		1B724BDD1C01D76A008C0E5D /* Resource */ = {
			isa = PBXGroup;
			children = (
				1B724BDE1C01D76A008C0E5D /* Assets.xcassets */,
				1B724BDF1C01D76A008C0E5D /* LaunchScreen.storyboard */,
			);
			path = Resource;
			sourceTree = "<group>";
		};
		1B724BE11C01D76A008C0E5D /* Source */ = {
			isa = PBXGroup;
			children = (
				1B724BE21C01D76A008C0E5D /* Models */,
				1B724BE31C01D76A008C0E5D /* UI */,
				1B724BE41C01D76A008C0E5D /* Views */,
			);
			path = Source;
			sourceTree = "<group>";
		};
		1B724BE21C01D76A008C0E5D /* Models */ = {
			isa = PBXGroup;
			children = (
			);
			path = Models;
			sourceTree = "<group>";
		};
		1B724BE31C01D76A008C0E5D /* UI */ = {
			isa = PBXGroup;
			children = (
				1B724BF01C01DA74008C0E5D /* MTAppViewController.h */,
				1B724BF11C01DA74008C0E5D /* MTAppViewController.m */,
				1B724BF21C01DA74008C0E5D /* MTAppViewController.xib */,
			);
			path = UI;
			sourceTree = "<group>";
		};
		1B724BE41C01D76A008C0E5D /* Views */ = {
			isa = PBXGroup;
			children = (
				1B724BF51C01DAD8008C0E5D /* MTAppView.h */,
				1B724BF61C01DAD8008C0E5D /* MTAppView.m */,
			);
			path = Views;
			sourceTree = "<group>";
		};
		1B724BE71C01D771008C0E5D /* Extensions */ = {
			isa = PBXGroup;
			children = (
				1B724BE81C01D771008C0E5D /* UIView+MTExtensions.h */,
				1B724BE91C01D771008C0E5D /* UIView+MTExtensions.m */,
			);
			path = Extensions;
			sourceTree = "<group>";
		};
/* End PBXGroup section */

/* Begin PBXNativeTarget section */
		1B724BC21C01D6B6008C0E5D /* MyAppIntro */ = {
			isa = PBXNativeTarget;
			buildConfigurationList = 1B724BDA1C01D6B6008C0E5D /* Build configuration list for PBXNativeTarget "MyAppIntro" */;
			buildPhases = (
				1B724BBF1C01D6B6008C0E5D /* Sources */,
				1B724BC01C01D6B6008C0E5D /* Frameworks */,
				1B724BC11C01D6B6008C0E5D /* Resources */,
			);
			buildRules = (
			);
			dependencies = (
			);
			name = MyAppIntro;
			productName = MyAppIntro;
			productReference = 1B724BC31C01D6B6008C0E5D /* MyAppIntro.app */;
			productType = "com.apple.product-type.application";
		};
/* End PBXNativeTarget section */

/* Begin PBXProject section */
		1B724BBB1C01D6B6008C0E5D /* Project object */ = {
			isa = PBXProject;
			attributes = {
				LastUpgradeCheck = 0710;
				ORGANIZATIONNAME = "Mark Tezza";
				TargetAttributes = {
					1B724BC21C01D6B6008C0E5D = {
						CreatedOnToolsVersion = 7.1.1;
						DevelopmentTeam = Z662YN573K;
					};
				};
			};
			buildConfigurationList = 1B724BBE1C01D6B6008C0E5D /* Build configuration list for PBXProject "MyAppIntro" */;
			compatibilityVersion = "Xcode 3.2";
			developmentRegion = English;
			hasScannedForEncodings = 0;
			knownRegions = (
				en,
				Base,
			);
			mainGroup = 1B724BBA1C01D6B6008C0E5D;
			productRefGroup = 1B724BC41C01D6B6008C0E5D /* Products */;
			projectDirPath = "";
			projectRoot = "";
			targets = (
				1B724BC21C01D6B6008C0E5D /* MyAppIntro */,
			);
		};
/* End PBXProject section */

/* Begin PBXResourcesBuildPhase section */
		1B724BC11C01D6B6008C0E5D /* Resources */ = {
			isa = PBXResourcesBuildPhase;
			buildActionMask = 2147483647;
			files = (
				1B724BF41C01DA74008C0E5D /* MTAppViewController.xib in Resources */,
				1B724BE51C01D76A008C0E5D /* Assets.xcassets in Resources */,
				1B724BE61C01D76A008C0E5D /* LaunchScreen.storyboard in Resources */,
			);
			runOnlyForDeploymentPostprocessing = 0;
		};
/* End PBXResourcesBuildPhase section */

/* Begin PBXSourcesBuildPhase section */
		1B724BBF1C01D6B6008C0E5D /* Sources */ = {
			isa = PBXSourcesBuildPhase;
			buildActionMask = 2147483647;
			files = (
				1B724BEA1C01D771008C0E5D /* UIView+MTExtensions.m in Sources */,
				1B724BF31C01DA74008C0E5D /* MTAppViewController.m in Sources */,
				1B724BCB1C01D6B6008C0E5D /* MTAppDelegate.m in Sources */,
				1B724BF71C01DAD8008C0E5D /* MTAppView.m in Sources */,
				1B724BC81C01D6B6008C0E5D /* main.m in Sources */,
			);
			runOnlyForDeploymentPostprocessing = 0;
		};
/* End PBXSourcesBuildPhase section */

/* Begin PBXVariantGroup section */
		1B724BDF1C01D76A008C0E5D /* LaunchScreen.storyboard */ = {
			isa = PBXVariantGroup;
			children = (
				1B724BE01C01D76A008C0E5D /* Base */,
			);
			name = LaunchScreen.storyboard;
			sourceTree = "<group>";
		};
/* End PBXVariantGroup section */

/* Begin XCBuildConfiguration section */
		1B724BD81C01D6B6008C0E5D /* Debug */ = {
			isa = XCBuildConfiguration;
			buildSettings = {
				ALWAYS_SEARCH_USER_PATHS = NO;
				CLANG_CXX_LANGUAGE_STANDARD = "gnu++0x";
				CLANG_CXX_LIBRARY = "libc++";
				CLANG_ENABLE_MODULES = YES;
				CLANG_ENABLE_OBJC_ARC = YES;
				CLANG_WARN_BOOL_CONVERSION = YES;
				CLANG_WARN_CONSTANT_CONVERSION = YES;
				CLANG_WARN_DIRECT_OBJC_ISA_USAGE = YES_ERROR;
				CLANG_WARN_EMPTY_BODY = YES;
				CLANG_WARN_ENUM_CONVERSION = YES;
				CLANG_WARN_INT_CONVERSION = YES;
				CLANG_WARN_OBJC_ROOT_CLASS = YES_ERROR;
				CLANG_WARN_UNREACHABLE_CODE = YES;
				CLANG_WARN__DUPLICATE_METHOD_MATCH = YES;
				"CODE_SIGN_IDENTITY[sdk=iphoneos*]" = "iPhone Developer";
				COPY_PHASE_STRIP = NO;
				DEBUG_INFORMATION_FORMAT = dwarf;
				ENABLE_STRICT_OBJC_MSGSEND = YES;
				ENABLE_TESTABILITY = YES;
				GCC_C_LANGUAGE_STANDARD = gnu99;
				GCC_DYNAMIC_NO_PIC = NO;
				GCC_NO_COMMON_BLOCKS = YES;
				GCC_OPTIMIZATION_LEVEL = 0;
				GCC_PREPROCESSOR_DEFINITIONS = (
					"DEBUG=1",
					"$(inherited)",
				);
				GCC_WARN_64_TO_32_BIT_CONVERSION = YES;
				GCC_WARN_ABOUT_RETURN_TYPE = YES_ERROR;
				GCC_WARN_UNDECLARED_SELECTOR = YES;
				GCC_WARN_UNINITIALIZED_AUTOS = YES_AGGRESSIVE;
				GCC_WARN_UNUSED_FUNCTION = YES;
				GCC_WARN_UNUSED_VARIABLE = YES;
				IPHONEOS_DEPLOYMENT_TARGET = 9.1;
				MTL_ENABLE_DEBUG_INFO = YES;
				ONLY_ACTIVE_ARCH = YES;
				SDKROOT = iphoneos;
			};
			name = Debug;
		};
		1B724BD91C01D6B6008C0E5D /* Release */ = {
			isa = XCBuildConfiguration;
			buildSettings = {
				ALWAYS_SEARCH_USER_PATHS = NO;
				CLANG_CXX_LANGUAGE_STANDARD = "gnu++0x";
				CLANG_CXX_LIBRARY = "libc++";
				CLANG_ENABLE_MODULES = YES;
				CLANG_ENABLE_OBJC_ARC = YES;
				CLANG_WARN_BOOL_CONVERSION = YES;
				CLANG_WARN_CONSTANT_CONVERSION = YES;
				CLANG_WARN_DIRECT_OBJC_ISA_USAGE = YES_ERROR;
				CLANG_WARN_EMPTY_BODY = YES;
				CLANG_WARN_ENUM_CONVERSION = YES;
				CLANG_WARN_INT_CONVERSION = YES;
				CLANG_WARN_OBJC_ROOT_CLASS = YES_ERROR;
				CLANG_WARN_UNREACHABLE_CODE = YES;
				CLANG_WARN__DUPLICATE_METHOD_MATCH = YES;
				"CODE_SIGN_IDENTITY[sdk=iphoneos*]" = "iPhone Developer";
				COPY_PHASE_STRIP = NO;
				DEBUG_INFORMATION_FORMAT = "dwarf-with-dsym";
				ENABLE_NS_ASSERTIONS = NO;
				ENABLE_STRICT_OBJC_MSGSEND = YES;
				GCC_C_LANGUAGE_STANDARD = gnu99;
				GCC_NO_COMMON_BLOCKS = YES;
				GCC_WARN_64_TO_32_BIT_CONVERSION = YES;
				GCC_WARN_ABOUT_RETURN_TYPE = YES_ERROR;
				GCC_WARN_UNDECLARED_SELECTOR = YES;
				GCC_WARN_UNINITIALIZED_AUTOS = YES_AGGRESSIVE;
				GCC_WARN_UNUSED_FUNCTION = YES;
				GCC_WARN_UNUSED_VARIABLE = YES;
				IPHONEOS_DEPLOYMENT_TARGET = 9.1;
				MTL_ENABLE_DEBUG_INFO = NO;
				SDKROOT = iphoneos;
				VALIDATE_PRODUCT = YES;
			};
			name = Release;
		};
		1B724BDB1C01D6B6008C0E5D /* Debug */ = {
			isa = XCBuildConfiguration;
			buildSettings = {
				ASSETCATALOG_COMPILER_APPICON_NAME = AppIcon;
				INFOPLIST_FILE = MyAppIntro/Info.plist;
				LD_RUNPATH_SEARCH_PATHS = "$(inherited) @executable_path/Frameworks";
				PRODUCT_BUNDLE_IDENTIFIER = MT.MyAppIntro;
				PRODUCT_NAME = "$(TARGET_NAME)";
			};
			name = Debug;
		};
		1B724BDC1C01D6B6008C0E5D /* Release */ = {
			isa = XCBuildConfiguration;
			buildSettings = {
				ASSETCATALOG_COMPILER_APPICON_NAME = AppIcon;
				INFOPLIST_FILE = MyAppIntro/Info.plist;
				LD_RUNPATH_SEARCH_PATHS = "$(inherited) @executable_path/Frameworks";
				PRODUCT_BUNDLE_IDENTIFIER = MT.MyAppIntro;
				PRODUCT_NAME = "$(TARGET_NAME)";
			};
			name = Release;
		};
/* End XCBuildConfiguration section */

/* Begin XCConfigurationList section */
		1B724BBE1C01D6B6008C0E5D /* Build configuration list for PBXProject "MyAppIntro" */ = {
			isa = XCConfigurationList;
			buildConfigurations = (
				1B724BD81C01D6B6008C0E5D /* Debug */,
				1B724BD91C01D6B6008C0E5D /* Release */,
			);
			defaultConfigurationIsVisible = 0;
			defaultConfigurationName = Release;
		};
		1B724BDA1C01D6B6008C0E5D /* Build configuration list for PBXNativeTarget "MyAppIntro" */ = {
			isa = XCConfigurationList;
			buildConfigurations = (
				1B724BDB1C01D6B6008C0E5D /* Debug */,
				1B724BDC1C01D6B6008C0E5D /* Release */,
			);
			defaultConfigurationIsVisible = 0;
		};
/* End XCConfigurationList section */
	};
	rootObject = 1B724BBB1C01D6B6008C0E5D /* Project object */;
}
