// !$*UTF8*$!
{
	archiveVersion = 1;
	classes = {
	};
	objectVersion = 46;
	objects = {

/* Begin PBXBuildFile section */
		1BA2F7891C6391990084E0FA /* main.m in Sources */ = {isa = PBXBuildFile; fileRef = 1BA2F7881C6391990084E0FA /* main.m */; };
		1BA2F78C1C6391990084E0FA /* AppDelegate.m in Sources */ = {isa = PBXBuildFile; fileRef = 1BA2F78B1C6391990084E0FA /* AppDelegate.m */; };
		1BA2F78F1C6391990084E0FA /* ViewController.m in Sources */ = {isa = PBXBuildFile; fileRef = 1BA2F78E1C6391990084E0FA /* ViewController.m */; };
		1BA2F7921C6391990084E0FA /* Main.storyboard in Resources */ = {isa = PBXBuildFile; fileRef = 1BA2F7901C6391990084E0FA /* Main.storyboard */; };
		1BA2F7941C6391990084E0FA /* Assets.xcassets in Resources */ = {isa = PBXBuildFile; fileRef = 1BA2F7931C6391990084E0FA /* Assets.xcassets */; };
		1BA2F7971C6391990084E0FA /* LaunchScreen.storyboard in Resources */ = {isa = PBXBuildFile; fileRef = 1BA2F7951C6391990084E0FA /* LaunchScreen.storyboard */; };
		1BA2F7A01C6391C80084E0FA /* MTDrawingView.m in Sources */ = {isa = PBXBuildFile; fileRef = 1BA2F79F1C6391C80084E0FA /* MTDrawingView.m */; };
/* End PBXBuildFile section */

/* Begin PBXFileReference section */
		1BA2F7841C6391990084E0FA /* MTDrawingTest.app */ = {isa = PBXFileReference; explicitFileType = wrapper.application; includeInIndex = 0; path = MTDrawingTest.app; sourceTree = BUILT_PRODUCTS_DIR; };
		1BA2F7881C6391990084E0FA /* main.m */ = {isa = PBXFileReference; lastKnownFileType = sourcecode.c.objc; path = main.m; sourceTree = "<group>"; };
		1BA2F78A1C6391990084E0FA /* AppDelegate.h */ = {isa = PBXFileReference; lastKnownFileType = sourcecode.c.h; path = AppDelegate.h; sourceTree = "<group>"; };
		1BA2F78B1C6391990084E0FA /* AppDelegate.m */ = {isa = PBXFileReference; lastKnownFileType = sourcecode.c.objc; path = AppDelegate.m; sourceTree = "<group>"; };
		1BA2F78D1C6391990084E0FA /* ViewController.h */ = {isa = PBXFileReference; lastKnownFileType = sourcecode.c.h; path = ViewController.h; sourceTree = "<group>"; };
		1BA2F78E1C6391990084E0FA /* ViewController.m */ = {isa = PBXFileReference; lastKnownFileType = sourcecode.c.objc; path = ViewController.m; sourceTree = "<group>"; };
		1BA2F7911C6391990084E0FA /* Base */ = {isa = PBXFileReference; lastKnownFileType = file.storyboard; name = Base; path = Base.lproj/Main.storyboard; sourceTree = "<group>"; };
		1BA2F7931C6391990084E0FA /* Assets.xcassets */ = {isa = PBXFileReference; lastKnownFileType = folder.assetcatalog; path = Assets.xcassets; sourceTree = "<group>"; };
		1BA2F7961C6391990084E0FA /* Base */ = {isa = PBXFileReference; lastKnownFileType = file.storyboard; name = Base; path = Base.lproj/LaunchScreen.storyboard; sourceTree = "<group>"; };
		1BA2F7981C6391990084E0FA /* Info.plist */ = {isa = PBXFileReference; lastKnownFileType = text.plist.xml; path = Info.plist; sourceTree = "<group>"; };
		1BA2F79E1C6391C80084E0FA /* MTDrawingView.h */ = {isa = PBXFileReference; fileEncoding = 4; lastKnownFileType = sourcecode.c.h; name = MTDrawingView.h; path = ../MTDrawingView.h; sourceTree = "<group>"; };
		1BA2F79F1C6391C80084E0FA /* MTDrawingView.m */ = {isa = PBXFileReference; fileEncoding = 4; lastKnownFileType = sourcecode.c.objc; name = MTDrawingView.m; path = ../MTDrawingView.m; sourceTree = "<group>"; };
/* End PBXFileReference section */

/* Begin PBXFrameworksBuildPhase section */
		1BA2F7811C6391990084E0FA /* Frameworks */ = {
			isa = PBXFrameworksBuildPhase;
			buildActionMask = 2147483647;
			files = (
			);
			runOnlyForDeploymentPostprocessing = 0;
		};
/* End PBXFrameworksBuildPhase section */

/* Begin PBXGroup section */
		1BA2F77B1C6391990084E0FA = {
			isa = PBXGroup;
			children = (
				1BA2F7861C6391990084E0FA /* MTDrawingTest */,
				1BA2F7851C6391990084E0FA /* Products */,
			);
			sourceTree = "<group>";
		};
		1BA2F7851C6391990084E0FA /* Products */ = {
			isa = PBXGroup;
			children = (
				1BA2F7841C6391990084E0FA /* MTDrawingTest.app */,
			);
			name = Products;
			sourceTree = "<group>";
		};
		1BA2F7861C6391990084E0FA /* MTDrawingTest */ = {
			isa = PBXGroup;
			children = (
				1BA2F79E1C6391C80084E0FA /* MTDrawingView.h */,
				1BA2F79F1C6391C80084E0FA /* MTDrawingView.m */,
				1BA2F78A1C6391990084E0FA /* AppDelegate.h */,
				1BA2F78B1C6391990084E0FA /* AppDelegate.m */,
				1BA2F78D1C6391990084E0FA /* ViewController.h */,
				1BA2F78E1C6391990084E0FA /* ViewController.m */,
				1BA2F7901C6391990084E0FA /* Main.storyboard */,
				1BA2F7931C6391990084E0FA /* Assets.xcassets */,
				1BA2F7951C6391990084E0FA /* LaunchScreen.storyboard */,
				1BA2F7981C6391990084E0FA /* Info.plist */,
				1BA2F7871C6391990084E0FA /* Supporting Files */,
			);
			path = MTDrawingTest;
			sourceTree = "<group>";
		};
		1BA2F7871C6391990084E0FA /* Supporting Files */ = {
			isa = PBXGroup;
			children = (
				1BA2F7881C6391990084E0FA /* main.m */,
			);
			name = "Supporting Files";
			sourceTree = "<group>";
		};
/* End PBXGroup section */

/* Begin PBXNativeTarget section */
		1BA2F7831C6391990084E0FA /* MTDrawingTest */ = {
			isa = PBXNativeTarget;
			buildConfigurationList = 1BA2F79B1C6391990084E0FA /* Build configuration list for PBXNativeTarget "MTDrawingTest" */;
			buildPhases = (
				1BA2F7801C6391990084E0FA /* Sources */,
				1BA2F7811C6391990084E0FA /* Frameworks */,
				1BA2F7821C6391990084E0FA /* Resources */,
			);
			buildRules = (
			);
			dependencies = (
			);
			name = MTDrawingTest;
			productName = MTDrawingTest;
			productReference = 1BA2F7841C6391990084E0FA /* MTDrawingTest.app */;
			productType = "com.apple.product-type.application";
		};
/* End PBXNativeTarget section */

/* Begin PBXProject section */
		1BA2F77C1C6391990084E0FA /* Project object */ = {
			isa = PBXProject;
			attributes = {
				LastUpgradeCheck = 0720;
				ORGANIZATIONNAME = "Mark Tezza";
				TargetAttributes = {
					1BA2F7831C6391990084E0FA = {
						CreatedOnToolsVersion = 7.2;
						DevelopmentTeam = Z662YN573K;
					};
				};
			};
			buildConfigurationList = 1BA2F77F1C6391990084E0FA /* Build configuration list for PBXProject "MTDrawingTest" */;
			compatibilityVersion = "Xcode 3.2";
			developmentRegion = English;
			hasScannedForEncodings = 0;
			knownRegions = (
				en,
				Base,
			);
			mainGroup = 1BA2F77B1C6391990084E0FA;
			productRefGroup = 1BA2F7851C6391990084E0FA /* Products */;
			projectDirPath = "";
			projectRoot = "";
			targets = (
				1BA2F7831C6391990084E0FA /* MTDrawingTest */,
			);
		};
/* End PBXProject section */

/* Begin PBXResourcesBuildPhase section */
		1BA2F7821C6391990084E0FA /* Resources */ = {
			isa = PBXResourcesBuildPhase;
			buildActionMask = 2147483647;
			files = (
				1BA2F7971C6391990084E0FA /* LaunchScreen.storyboard in Resources */,
				1BA2F7941C6391990084E0FA /* Assets.xcassets in Resources */,
				1BA2F7921C6391990084E0FA /* Main.storyboard in Resources */,
			);
			runOnlyForDeploymentPostprocessing = 0;
		};
/* End PBXResourcesBuildPhase section */

/* Begin PBXSourcesBuildPhase section */
		1BA2F7801C6391990084E0FA /* Sources */ = {
			isa = PBXSourcesBuildPhase;
			buildActionMask = 2147483647;
			files = (
				1BA2F78F1C6391990084E0FA /* ViewController.m in Sources */,
				1BA2F78C1C6391990084E0FA /* AppDelegate.m in Sources */,
				1BA2F7A01C6391C80084E0FA /* MTDrawingView.m in Sources */,
				1BA2F7891C6391990084E0FA /* main.m in Sources */,
			);
			runOnlyForDeploymentPostprocessing = 0;
		};
/* End PBXSourcesBuildPhase section */

/* Begin PBXVariantGroup section */
		1BA2F7901C6391990084E0FA /* Main.storyboard */ = {
			isa = PBXVariantGroup;
			children = (
				1BA2F7911C6391990084E0FA /* Base */,
			);
			name = Main.storyboard;
			sourceTree = "<group>";
		};
		1BA2F7951C6391990084E0FA /* LaunchScreen.storyboard */ = {
			isa = PBXVariantGroup;
			children = (
				1BA2F7961C6391990084E0FA /* Base */,
			);
			name = LaunchScreen.storyboard;
			sourceTree = "<group>";
		};
/* End PBXVariantGroup section */

/* Begin XCBuildConfiguration section */
		1BA2F7991C6391990084E0FA /* Debug */ = {
			isa = XCBuildConfiguration;
			buildSettings = {
				ALWAYS_SEARCH_USER_PATHS = NO;
				CLANG_CXX_LANGUAGE_STANDARD = "gnu++0x";
				CLANG_CXX_LIBRARY = "libc++";
				CLANG_ENABLE_MODULES = YES;
				CLANG_ENABLE_OBJC_ARC = YES;
				CLANG_WARN_BOOL_CONVERSION = YES;
				CLANG_WARN_CONSTANT_CONVERSION = YES;
				CLANG_WARN_DIRECT_OBJC_ISA_USAGE = YES_ERROR;
				CLANG_WARN_EMPTY_BODY = YES;
				CLANG_WARN_ENUM_CONVERSION = YES;
				CLANG_WARN_INT_CONVERSION = YES;
				CLANG_WARN_OBJC_ROOT_CLASS = YES_ERROR;
				CLANG_WARN_UNREACHABLE_CODE = YES;
				CLANG_WARN__DUPLICATE_METHOD_MATCH = YES;
				"CODE_SIGN_IDENTITY[sdk=iphoneos*]" = "iPhone Developer";
				COPY_PHASE_STRIP = NO;
				DEBUG_INFORMATION_FORMAT = dwarf;
				ENABLE_STRICT_OBJC_MSGSEND = YES;
				ENABLE_TESTABILITY = YES;
				GCC_C_LANGUAGE_STANDARD = gnu99;
				GCC_DYNAMIC_NO_PIC = NO;
				GCC_NO_COMMON_BLOCKS = YES;
				GCC_OPTIMIZATION_LEVEL = 0;
				GCC_PREPROCESSOR_DEFINITIONS = (
					"DEBUG=1",
					"$(inherited)",
				);
				GCC_WARN_64_TO_32_BIT_CONVERSION = YES;
				GCC_WARN_ABOUT_RETURN_TYPE = YES_ERROR;
				GCC_WARN_UNDECLARED_SELECTOR = YES;
				GCC_WARN_UNINITIALIZED_AUTOS = YES_AGGRESSIVE;
				GCC_WARN_UNUSED_FUNCTION = YES;
				GCC_WARN_UNUSED_VARIABLE = YES;
				IPHONEOS_DEPLOYMENT_TARGET = 9.2;
				MTL_ENABLE_DEBUG_INFO = YES;
				ONLY_ACTIVE_ARCH = YES;
				SDKROOT = iphoneos;
				TARGETED_DEVICE_FAMILY = "1,2";
			};
			name = Debug;
		};
		1BA2F79A1C6391990084E0FA /* Release */ = {
			isa = XCBuildConfiguration;
			buildSettings = {
				ALWAYS_SEARCH_USER_PATHS = NO;
				CLANG_CXX_LANGUAGE_STANDARD = "gnu++0x";
				CLANG_CXX_LIBRARY = "libc++";
				CLANG_ENABLE_MODULES = YES;
				CLANG_ENABLE_OBJC_ARC = YES;
				CLANG_WARN_BOOL_CONVERSION = YES;
				CLANG_WARN_CONSTANT_CONVERSION = YES;
				CLANG_WARN_DIRECT_OBJC_ISA_USAGE = YES_ERROR;
				CLANG_WARN_EMPTY_BODY = YES;
				CLANG_WARN_ENUM_CONVERSION = YES;
				CLANG_WARN_INT_CONVERSION = YES;
				CLANG_WARN_OBJC_ROOT_CLASS = YES_ERROR;
				CLANG_WARN_UNREACHABLE_CODE = YES;
				CLANG_WARN__DUPLICATE_METHOD_MATCH = YES;
				"CODE_SIGN_IDENTITY[sdk=iphoneos*]" = "iPhone Developer";
				COPY_PHASE_STRIP = NO;
				DEBUG_INFORMATION_FORMAT = "dwarf-with-dsym";
				ENABLE_NS_ASSERTIONS = NO;
				ENABLE_STRICT_OBJC_MSGSEND = YES;
				GCC_C_LANGUAGE_STANDARD = gnu99;
				GCC_NO_COMMON_BLOCKS = YES;
				GCC_WARN_64_TO_32_BIT_CONVERSION = YES;
				GCC_WARN_ABOUT_RETURN_TYPE = YES_ERROR;
				GCC_WARN_UNDECLARED_SELECTOR = YES;
				GCC_WARN_UNINITIALIZED_AUTOS = YES_AGGRESSIVE;
				GCC_WARN_UNUSED_FUNCTION = YES;
				GCC_WARN_UNUSED_VARIABLE = YES;
				IPHONEOS_DEPLOYMENT_TARGET = 9.2;
				MTL_ENABLE_DEBUG_INFO = NO;
				SDKROOT = iphoneos;
				TARGETED_DEVICE_FAMILY = "1,2";
				VALIDATE_PRODUCT = YES;
			};
			name = Release;
		};
		1BA2F79C1C6391990084E0FA /* Debug */ = {
			isa = XCBuildConfiguration;
			buildSettings = {
				ASSETCATALOG_COMPILER_APPICON_NAME = AppIcon;
				INFOPLIST_FILE = MTDrawingTest/Info.plist;
				LD_RUNPATH_SEARCH_PATHS = "$(inherited) @executable_path/Frameworks";
				PRODUCT_BUNDLE_IDENTIFIER = MT.MTDrawingTest;
				PRODUCT_NAME = "$(TARGET_NAME)";
			};
			name = Debug;
		};
		1BA2F79D1C6391990084E0FA /* Release */ = {
			isa = XCBuildConfiguration;
			buildSettings = {
				ASSETCATALOG_COMPILER_APPICON_NAME = AppIcon;
				INFOPLIST_FILE = MTDrawingTest/Info.plist;
				LD_RUNPATH_SEARCH_PATHS = "$(inherited) @executable_path/Frameworks";
				PRODUCT_BUNDLE_IDENTIFIER = MT.MTDrawingTest;
				PRODUCT_NAME = "$(TARGET_NAME)";
			};
			name = Release;
		};
/* End XCBuildConfiguration section */

/* Begin XCConfigurationList section */
		1BA2F77F1C6391990084E0FA /* Build configuration list for PBXProject "MTDrawingTest" */ = {
			isa = XCConfigurationList;
			buildConfigurations = (
				1BA2F7991C6391990084E0FA /* Debug */,
				1BA2F79A1C6391990084E0FA /* Release */,
			);
			defaultConfigurationIsVisible = 0;
			defaultConfigurationName = Release;
		};
		1BA2F79B1C6391990084E0FA /* Build configuration list for PBXNativeTarget "MTDrawingTest" */ = {
			isa = XCConfigurationList;
			buildConfigurations = (
				1BA2F79C1C6391990084E0FA /* Debug */,
				1BA2F79D1C6391990084E0FA /* Release */,
			);
			defaultConfigurationIsVisible = 0;
		};
/* End XCConfigurationList section */
	};
	rootObject = 1BA2F77C1C6391990084E0FA /* Project object */;
}
