// !$*UTF8*$!
{
	archiveVersion = 1;
	classes = {
	};
	objectVersion = 46;
	objects = {

/* Begin PBXBuildFile section */
		1BD8335E1C31318400F7C12F /* main.m in Sources */ = {isa = PBXBuildFile; fileRef = 1BD8335D1C31318400F7C12F /* main.m */; };
		1BD833611C31318400F7C12F /* AppDelegate.m in Sources */ = {isa = PBXBuildFile; fileRef = 1BD833601C31318400F7C12F /* AppDelegate.m */; };
		1BD833641C31318400F7C12F /* DetailViewController.m in Sources */ = {isa = PBXBuildFile; fileRef = 1BD833631C31318400F7C12F /* DetailViewController.m */; };
		1BD833671C31318400F7C12F /* Main.storyboard in Resources */ = {isa = PBXBuildFile; fileRef = 1BD833651C31318400F7C12F /* Main.storyboard */; };
		1BD833691C31318400F7C12F /* Assets.xcassets in Resources */ = {isa = PBXBuildFile; fileRef = 1BD833681C31318400F7C12F /* Assets.xcassets */; };
		1BD8336C1C31318400F7C12F /* LaunchScreen.storyboard in Resources */ = {isa = PBXBuildFile; fileRef = 1BD8336A1C31318400F7C12F /* LaunchScreen.storyboard */; };
/* End PBXBuildFile section */

/* Begin PBXFileReference section */
		1BD833591C31318300F7C12F /* ToDoList.app */ = {isa = PBXFileReference; explicitFileType = wrapper.application; includeInIndex = 0; path = ToDoList.app; sourceTree = BUILT_PRODUCTS_DIR; };
		1BD8335D1C31318400F7C12F /* main.m */ = {isa = PBXFileReference; lastKnownFileType = sourcecode.c.objc; path = main.m; sourceTree = "<group>"; };
		1BD8335F1C31318400F7C12F /* AppDelegate.h */ = {isa = PBXFileReference; lastKnownFileType = sourcecode.c.h; path = AppDelegate.h; sourceTree = "<group>"; };
		1BD833601C31318400F7C12F /* AppDelegate.m */ = {isa = PBXFileReference; lastKnownFileType = sourcecode.c.objc; path = AppDelegate.m; sourceTree = "<group>"; };
		1BD833621C31318400F7C12F /* DetailViewController.h */ = {isa = PBXFileReference; lastKnownFileType = sourcecode.c.h; path = DetailViewController.h; sourceTree = "<group>"; };
		1BD833631C31318400F7C12F /* DetailViewController.m */ = {isa = PBXFileReference; lastKnownFileType = sourcecode.c.objc; path = DetailViewController.m; sourceTree = "<group>"; };
		1BD833661C31318400F7C12F /* Base */ = {isa = PBXFileReference; lastKnownFileType = file.storyboard; name = Base; path = Base.lproj/Main.storyboard; sourceTree = "<group>"; };
		1BD833681C31318400F7C12F /* Assets.xcassets */ = {isa = PBXFileReference; lastKnownFileType = folder.assetcatalog; path = Assets.xcassets; sourceTree = "<group>"; };
		1BD8336B1C31318400F7C12F /* Base */ = {isa = PBXFileReference; lastKnownFileType = file.storyboard; name = Base; path = Base.lproj/LaunchScreen.storyboard; sourceTree = "<group>"; };
		1BD8336D1C31318400F7C12F /* Info.plist */ = {isa = PBXFileReference; lastKnownFileType = text.plist.xml; path = Info.plist; sourceTree = "<group>"; };
/* End PBXFileReference section */

/* Begin PBXFrameworksBuildPhase section */
		1BD833561C31318300F7C12F /* Frameworks */ = {
			isa = PBXFrameworksBuildPhase;
			buildActionMask = 2147483647;
			files = (
			);
			runOnlyForDeploymentPostprocessing = 0;
		};
/* End PBXFrameworksBuildPhase section */

/* Begin PBXGroup section */
		1BD833501C31318300F7C12F = {
			isa = PBXGroup;
			children = (
				1BD8335B1C31318300F7C12F /* ToDoList */,
				1BD8335A1C31318300F7C12F /* Products */,
			);
			sourceTree = "<group>";
		};
		1BD8335A1C31318300F7C12F /* Products */ = {
			isa = PBXGroup;
			children = (
				1BD833591C31318300F7C12F /* ToDoList.app */,
			);
			name = Products;
			sourceTree = "<group>";
		};
		1BD8335B1C31318300F7C12F /* ToDoList */ = {
			isa = PBXGroup;
			children = (
				1BD8335F1C31318400F7C12F /* AppDelegate.h */,
				1BD833601C31318400F7C12F /* AppDelegate.m */,
				1BD833621C31318400F7C12F /* DetailViewController.h */,
				1BD833631C31318400F7C12F /* DetailViewController.m */,
				1BD833651C31318400F7C12F /* Main.storyboard */,
				1BD833681C31318400F7C12F /* Assets.xcassets */,
				1BD8336A1C31318400F7C12F /* LaunchScreen.storyboard */,
				1BD8336D1C31318400F7C12F /* Info.plist */,
				1BD8335C1C31318400F7C12F /* Supporting Files */,
			);
			path = ToDoList;
			sourceTree = "<group>";
		};
		1BD8335C1C31318400F7C12F /* Supporting Files */ = {
			isa = PBXGroup;
			children = (
				1BD8335D1C31318400F7C12F /* main.m */,
			);
			name = "Supporting Files";
			sourceTree = "<group>";
		};
/* End PBXGroup section */

/* Begin PBXNativeTarget section */
		1BD833581C31318300F7C12F /* ToDoList */ = {
			isa = PBXNativeTarget;
			buildConfigurationList = 1BD833701C31318400F7C12F /* Build configuration list for PBXNativeTarget "ToDoList" */;
			buildPhases = (
				1BD833551C31318300F7C12F /* Sources */,
				1BD833561C31318300F7C12F /* Frameworks */,
				1BD833571C31318300F7C12F /* Resources */,
			);
			buildRules = (
			);
			dependencies = (
			);
			name = ToDoList;
			productName = ToDoList;
			productReference = 1BD833591C31318300F7C12F /* ToDoList.app */;
			productType = "com.apple.product-type.application";
		};
/* End PBXNativeTarget section */

/* Begin PBXProject section */
		1BD833511C31318300F7C12F /* Project object */ = {
			isa = PBXProject;
			attributes = {
				LastUpgradeCheck = 0720;
				ORGANIZATIONNAME = "Mark Tezza";
				TargetAttributes = {
					1BD833581C31318300F7C12F = {
						CreatedOnToolsVersion = 7.2;
						DevelopmentTeam = Z662YN573K;
					};
				};
			};
			buildConfigurationList = 1BD833541C31318300F7C12F /* Build configuration list for PBXProject "ToDoList" */;
			compatibilityVersion = "Xcode 3.2";
			developmentRegion = English;
			hasScannedForEncodings = 0;
			knownRegions = (
				en,
				Base,
			);
			mainGroup = 1BD833501C31318300F7C12F;
			productRefGroup = 1BD8335A1C31318300F7C12F /* Products */;
			projectDirPath = "";
			projectRoot = "";
			targets = (
				1BD833581C31318300F7C12F /* ToDoList */,
			);
		};
/* End PBXProject section */

/* Begin PBXResourcesBuildPhase section */
		1BD833571C31318300F7C12F /* Resources */ = {
			isa = PBXResourcesBuildPhase;
			buildActionMask = 2147483647;
			files = (
				1BD8336C1C31318400F7C12F /* LaunchScreen.storyboard in Resources */,
				1BD833691C31318400F7C12F /* Assets.xcassets in Resources */,
				1BD833671C31318400F7C12F /* Main.storyboard in Resources */,
			);
			runOnlyForDeploymentPostprocessing = 0;
		};
/* End PBXResourcesBuildPhase section */

/* Begin PBXSourcesBuildPhase section */
		1BD833551C31318300F7C12F /* Sources */ = {
			isa = PBXSourcesBuildPhase;
			buildActionMask = 2147483647;
			files = (
				1BD833641C31318400F7C12F /* DetailViewController.m in Sources */,
				1BD833611C31318400F7C12F /* AppDelegate.m in Sources */,
				1BD8335E1C31318400F7C12F /* main.m in Sources */,
			);
			runOnlyForDeploymentPostprocessing = 0;
		};
/* End PBXSourcesBuildPhase section */

/* Begin PBXVariantGroup section */
		1BD833651C31318400F7C12F /* Main.storyboard */ = {
			isa = PBXVariantGroup;
			children = (
				1BD833661C31318400F7C12F /* Base */,
			);
			name = Main.storyboard;
			sourceTree = "<group>";
		};
		1BD8336A1C31318400F7C12F /* LaunchScreen.storyboard */ = {
			isa = PBXVariantGroup;
			children = (
				1BD8336B1C31318400F7C12F /* Base */,
			);
			name = LaunchScreen.storyboard;
			sourceTree = "<group>";
		};
/* End PBXVariantGroup section */

/* Begin XCBuildConfiguration section */
		1BD8336E1C31318400F7C12F /* Debug */ = {
			isa = XCBuildConfiguration;
			buildSettings = {
				ALWAYS_SEARCH_USER_PATHS = NO;
				CLANG_CXX_LANGUAGE_STANDARD = "gnu++0x";
				CLANG_CXX_LIBRARY = "libc++";
				CLANG_ENABLE_MODULES = YES;
				CLANG_ENABLE_OBJC_ARC = YES;
				CLANG_WARN_BOOL_CONVERSION = YES;
				CLANG_WARN_CONSTANT_CONVERSION = YES;
				CLANG_WARN_DIRECT_OBJC_ISA_USAGE = YES_ERROR;
				CLANG_WARN_EMPTY_BODY = YES;
				CLANG_WARN_ENUM_CONVERSION = YES;
				CLANG_WARN_INT_CONVERSION = YES;
				CLANG_WARN_OBJC_ROOT_CLASS = YES_ERROR;
				CLANG_WARN_UNREACHABLE_CODE = YES;
				CLANG_WARN__DUPLICATE_METHOD_MATCH = YES;
				"CODE_SIGN_IDENTITY[sdk=iphoneos*]" = "iPhone Developer";
				COPY_PHASE_STRIP = NO;
				DEBUG_INFORMATION_FORMAT = dwarf;
				ENABLE_STRICT_OBJC_MSGSEND = YES;
				ENABLE_TESTABILITY = YES;
				GCC_C_LANGUAGE_STANDARD = gnu99;
				GCC_DYNAMIC_NO_PIC = NO;
				GCC_NO_COMMON_BLOCKS = YES;
				GCC_OPTIMIZATION_LEVEL = 0;
				GCC_PREPROCESSOR_DEFINITIONS = (
					"DEBUG=1",
					"$(inherited)",
				);
				GCC_WARN_64_TO_32_BIT_CONVERSION = YES;
				GCC_WARN_ABOUT_RETURN_TYPE = YES_ERROR;
				GCC_WARN_UNDECLARED_SELECTOR = YES;
				GCC_WARN_UNINITIALIZED_AUTOS = YES_AGGRESSIVE;
				GCC_WARN_UNUSED_FUNCTION = YES;
				GCC_WARN_UNUSED_VARIABLE = YES;
				IPHONEOS_DEPLOYMENT_TARGET = 9.2;
				MTL_ENABLE_DEBUG_INFO = YES;
				ONLY_ACTIVE_ARCH = YES;
				SDKROOT = iphoneos;
			};
			name = Debug;
		};
		1BD8336F1C31318400F7C12F /* Release */ = {
			isa = XCBuildConfiguration;
			buildSettings = {
				ALWAYS_SEARCH_USER_PATHS = NO;
				CLANG_CXX_LANGUAGE_STANDARD = "gnu++0x";
				CLANG_CXX_LIBRARY = "libc++";
				CLANG_ENABLE_MODULES = YES;
				CLANG_ENABLE_OBJC_ARC = YES;
				CLANG_WARN_BOOL_CONVERSION = YES;
				CLANG_WARN_CONSTANT_CONVERSION = YES;
				CLANG_WARN_DIRECT_OBJC_ISA_USAGE = YES_ERROR;
				CLANG_WARN_EMPTY_BODY = YES;
				CLANG_WARN_ENUM_CONVERSION = YES;
				CLANG_WARN_INT_CONVERSION = YES;
				CLANG_WARN_OBJC_ROOT_CLASS = YES_ERROR;
				CLANG_WARN_UNREACHABLE_CODE = YES;
				CLANG_WARN__DUPLICATE_METHOD_MATCH = YES;
				"CODE_SIGN_IDENTITY[sdk=iphoneos*]" = "iPhone Developer";
				COPY_PHASE_STRIP = NO;
				DEBUG_INFORMATION_FORMAT = "dwarf-with-dsym";
				ENABLE_NS_ASSERTIONS = NO;
				ENABLE_STRICT_OBJC_MSGSEND = YES;
				GCC_C_LANGUAGE_STANDARD = gnu99;
				GCC_NO_COMMON_BLOCKS = YES;
				GCC_WARN_64_TO_32_BIT_CONVERSION = YES;
				GCC_WARN_ABOUT_RETURN_TYPE = YES_ERROR;
				GCC_WARN_UNDECLARED_SELECTOR = YES;
				GCC_WARN_UNINITIALIZED_AUTOS = YES_AGGRESSIVE;
				GCC_WARN_UNUSED_FUNCTION = YES;
				GCC_WARN_UNUSED_VARIABLE = YES;
				IPHONEOS_DEPLOYMENT_TARGET = 9.2;
				MTL_ENABLE_DEBUG_INFO = NO;
				SDKROOT = iphoneos;
				VALIDATE_PRODUCT = YES;
			};
			name = Release;
		};
		1BD833711C31318400F7C12F /* Debug */ = {
			isa = XCBuildConfiguration;
			buildSettings = {
				ASSETCATALOG_COMPILER_APPICON_NAME = AppIcon;
				INFOPLIST_FILE = ToDoList/Info.plist;
				LD_RUNPATH_SEARCH_PATHS = "$(inherited) @executable_path/Frameworks";
				PRODUCT_BUNDLE_IDENTIFIER = MT.ToDoList;
				PRODUCT_NAME = "$(TARGET_NAME)";
			};
			name = Debug;
		};
		1BD833721C31318400F7C12F /* Release */ = {
			isa = XCBuildConfiguration;
			buildSettings = {
				ASSETCATALOG_COMPILER_APPICON_NAME = AppIcon;
				INFOPLIST_FILE = ToDoList/Info.plist;
				LD_RUNPATH_SEARCH_PATHS = "$(inherited) @executable_path/Frameworks";
				PRODUCT_BUNDLE_IDENTIFIER = MT.ToDoList;
				PRODUCT_NAME = "$(TARGET_NAME)";
			};
			name = Release;
		};
/* End XCBuildConfiguration section */

/* Begin XCConfigurationList section */
		1BD833541C31318300F7C12F /* Build configuration list for PBXProject "ToDoList" */ = {
			isa = XCConfigurationList;
			buildConfigurations = (
				1BD8336E1C31318400F7C12F /* Debug */,
				1BD8336F1C31318400F7C12F /* Release */,
			);
			defaultConfigurationIsVisible = 0;
			defaultConfigurationName = Release;
		};
		1BD833701C31318400F7C12F /* Build configuration list for PBXNativeTarget "ToDoList" */ = {
			isa = XCConfigurationList;
			buildConfigurations = (
				1BD833711C31318400F7C12F /* Debug */,
				1BD833721C31318400F7C12F /* Release */,
			);
			defaultConfigurationIsVisible = 0;
		};
/* End XCConfigurationList section */
	};
	rootObject = 1BD833511C31318300F7C12F /* Project object */;
}
