// !$*UTF8*$!
{
	archiveVersion = 1;
	classes = {
	};
	objectVersion = 46;
	objects = {

/* Begin PBXBuildFile section */
		1B1890341C3A4C2B004AFADA /* main.m in Sources */ = {isa = PBXBuildFile; fileRef = 1B1890331C3A4C2B004AFADA /* main.m */; };
		1B1890371C3A4C2B004AFADA /* AppDelegate.m in Sources */ = {isa = PBXBuildFile; fileRef = 1B1890361C3A4C2B004AFADA /* AppDelegate.m */; };
		1B18903A1C3A4C2B004AFADA /* ViewController.m in Sources */ = {isa = PBXBuildFile; fileRef = 1B1890391C3A4C2B004AFADA /* ViewController.m */; };
		1B18903D1C3A4C2B004AFADA /* Main.storyboard in Resources */ = {isa = PBXBuildFile; fileRef = 1B18903B1C3A4C2B004AFADA /* Main.storyboard */; };
		1B18903F1C3A4C2B004AFADA /* Assets.xcassets in Resources */ = {isa = PBXBuildFile; fileRef = 1B18903E1C3A4C2B004AFADA /* Assets.xcassets */; };
		1B1890421C3A4C2B004AFADA /* LaunchScreen.storyboard in Resources */ = {isa = PBXBuildFile; fileRef = 1B1890401C3A4C2B004AFADA /* LaunchScreen.storyboard */; };
		1B1890501C3A6792004AFADA /* UIView+MTExtensions.m in Sources */ = {isa = PBXBuildFile; fileRef = 1B18904F1C3A6792004AFADA /* UIView+MTExtensions.m */; };
		1B1890581C3AAF11004AFADA /* MTViewDeskWithCells.m in Sources */ = {isa = PBXBuildFile; fileRef = 1B1890571C3AAF11004AFADA /* MTViewDeskWithCells.m */; };
		1B6DD6F71C41119B002A8C44 /* MTChecker.m in Sources */ = {isa = PBXBuildFile; fileRef = 1B6DD6F61C41119B002A8C44 /* MTChecker.m */; };
/* End PBXBuildFile section */

/* Begin PBXFileReference section */
		1B18902F1C3A4C2B004AFADA /* Checkers.app */ = {isa = PBXFileReference; explicitFileType = wrapper.application; includeInIndex = 0; path = Checkers.app; sourceTree = BUILT_PRODUCTS_DIR; };
		1B1890331C3A4C2B004AFADA /* main.m */ = {isa = PBXFileReference; lastKnownFileType = sourcecode.c.objc; path = main.m; sourceTree = "<group>"; };
		1B1890351C3A4C2B004AFADA /* AppDelegate.h */ = {isa = PBXFileReference; lastKnownFileType = sourcecode.c.h; path = AppDelegate.h; sourceTree = "<group>"; };
		1B1890361C3A4C2B004AFADA /* AppDelegate.m */ = {isa = PBXFileReference; lastKnownFileType = sourcecode.c.objc; path = AppDelegate.m; sourceTree = "<group>"; };
		1B1890381C3A4C2B004AFADA /* ViewController.h */ = {isa = PBXFileReference; lastKnownFileType = sourcecode.c.h; path = ViewController.h; sourceTree = "<group>"; };
		1B1890391C3A4C2B004AFADA /* ViewController.m */ = {isa = PBXFileReference; lastKnownFileType = sourcecode.c.objc; path = ViewController.m; sourceTree = "<group>"; };
		1B18903C1C3A4C2B004AFADA /* Base */ = {isa = PBXFileReference; lastKnownFileType = file.storyboard; name = Base; path = Base.lproj/Main.storyboard; sourceTree = "<group>"; };
		1B18903E1C3A4C2B004AFADA /* Assets.xcassets */ = {isa = PBXFileReference; lastKnownFileType = folder.assetcatalog; path = Assets.xcassets; sourceTree = "<group>"; };
		1B1890411C3A4C2B004AFADA /* Base */ = {isa = PBXFileReference; lastKnownFileType = file.storyboard; name = Base; path = Base.lproj/LaunchScreen.storyboard; sourceTree = "<group>"; };
		1B1890431C3A4C2B004AFADA /* Info.plist */ = {isa = PBXFileReference; lastKnownFileType = text.plist.xml; path = Info.plist; sourceTree = "<group>"; };
		1B18904E1C3A6792004AFADA /* UIView+MTExtensions.h */ = {isa = PBXFileReference; fileEncoding = 4; lastKnownFileType = sourcecode.c.h; path = "UIView+MTExtensions.h"; sourceTree = "<group>"; };
		1B18904F1C3A6792004AFADA /* UIView+MTExtensions.m */ = {isa = PBXFileReference; fileEncoding = 4; lastKnownFileType = sourcecode.c.objc; path = "UIView+MTExtensions.m"; sourceTree = "<group>"; };
		1B1890561C3AAF11004AFADA /* MTViewDeskWithCells.h */ = {isa = PBXFileReference; fileEncoding = 4; lastKnownFileType = sourcecode.c.h; path = MTViewDeskWithCells.h; sourceTree = "<group>"; };
		1B1890571C3AAF11004AFADA /* MTViewDeskWithCells.m */ = {isa = PBXFileReference; fileEncoding = 4; lastKnownFileType = sourcecode.c.objc; path = MTViewDeskWithCells.m; sourceTree = "<group>"; };
		1B6DD6F51C41119B002A8C44 /* MTChecker.h */ = {isa = PBXFileReference; fileEncoding = 4; lastKnownFileType = sourcecode.c.h; path = MTChecker.h; sourceTree = "<group>"; };
		1B6DD6F61C41119B002A8C44 /* MTChecker.m */ = {isa = PBXFileReference; fileEncoding = 4; lastKnownFileType = sourcecode.c.objc; path = MTChecker.m; sourceTree = "<group>"; };
/* End PBXFileReference section */

/* Begin PBXFrameworksBuildPhase section */
		1B18902C1C3A4C2B004AFADA /* Frameworks */ = {
			isa = PBXFrameworksBuildPhase;
			buildActionMask = 2147483647;
			files = (
			);
			runOnlyForDeploymentPostprocessing = 0;
		};
/* End PBXFrameworksBuildPhase section */

/* Begin PBXGroup section */
		1B1890261C3A4C2B004AFADA = {
			isa = PBXGroup;
			children = (
				1B18904D1C3A6792004AFADA /* UIView+MTExtensions */,
				1B1890541C3AAECB004AFADA /* Sourse */,
				1B1890311C3A4C2B004AFADA /* Checkers */,
				1B1890301C3A4C2B004AFADA /* Products */,
			);
			sourceTree = "<group>";
		};
		1B1890301C3A4C2B004AFADA /* Products */ = {
			isa = PBXGroup;
			children = (
				1B18902F1C3A4C2B004AFADA /* Checkers.app */,
			);
			name = Products;
			sourceTree = "<group>";
		};
		1B1890311C3A4C2B004AFADA /* Checkers */ = {
			isa = PBXGroup;
			children = (
				1B1890351C3A4C2B004AFADA /* AppDelegate.h */,
				1B1890361C3A4C2B004AFADA /* AppDelegate.m */,
				1B1890381C3A4C2B004AFADA /* ViewController.h */,
				1B1890391C3A4C2B004AFADA /* ViewController.m */,
				1B18903B1C3A4C2B004AFADA /* Main.storyboard */,
				1B18903E1C3A4C2B004AFADA /* Assets.xcassets */,
				1B1890401C3A4C2B004AFADA /* LaunchScreen.storyboard */,
				1B1890431C3A4C2B004AFADA /* Info.plist */,
				1B1890321C3A4C2B004AFADA /* Supporting Files */,
			);
			path = Checkers;
			sourceTree = "<group>";
		};
		1B1890321C3A4C2B004AFADA /* Supporting Files */ = {
			isa = PBXGroup;
			children = (
				1B1890331C3A4C2B004AFADA /* main.m */,
			);
			name = "Supporting Files";
			sourceTree = "<group>";
		};
		1B18904D1C3A6792004AFADA /* UIView+MTExtensions */ = {
			isa = PBXGroup;
			children = (
				1B18904E1C3A6792004AFADA /* UIView+MTExtensions.h */,
				1B18904F1C3A6792004AFADA /* UIView+MTExtensions.m */,
			);
			path = "UIView+MTExtensions";
			sourceTree = "<group>";
		};
		1B1890541C3AAECB004AFADA /* Sourse */ = {
			isa = PBXGroup;
			children = (
				1B1890551C3AAF11004AFADA /* Views */,
			);
			path = Sourse;
			sourceTree = "<group>";
		};
		1B1890551C3AAF11004AFADA /* Views */ = {
			isa = PBXGroup;
			children = (
				1B1890561C3AAF11004AFADA /* MTViewDeskWithCells.h */,
				1B1890571C3AAF11004AFADA /* MTViewDeskWithCells.m */,
				1B6DD6F51C41119B002A8C44 /* MTChecker.h */,
				1B6DD6F61C41119B002A8C44 /* MTChecker.m */,
			);
			path = Views;
			sourceTree = "<group>";
		};
/* End PBXGroup section */

/* Begin PBXNativeTarget section */
		1B18902E1C3A4C2B004AFADA /* Checkers */ = {
			isa = PBXNativeTarget;
			buildConfigurationList = 1B1890461C3A4C2B004AFADA /* Build configuration list for PBXNativeTarget "Checkers" */;
			buildPhases = (
				1B18902B1C3A4C2B004AFADA /* Sources */,
				1B18902C1C3A4C2B004AFADA /* Frameworks */,
				1B18902D1C3A4C2B004AFADA /* Resources */,
			);
			buildRules = (
			);
			dependencies = (
			);
			name = Checkers;
			productName = Checkers;
			productReference = 1B18902F1C3A4C2B004AFADA /* Checkers.app */;
			productType = "com.apple.product-type.application";
		};
/* End PBXNativeTarget section */

/* Begin PBXProject section */
		1B1890271C3A4C2B004AFADA /* Project object */ = {
			isa = PBXProject;
			attributes = {
				CLASSPREFIX = MT;
				LastUpgradeCheck = 0720;
				ORGANIZATIONNAME = "Mark Tezza";
				TargetAttributes = {
					1B18902E1C3A4C2B004AFADA = {
						CreatedOnToolsVersion = 7.2;
						DevelopmentTeam = Z662YN573K;
					};
				};
			};
			buildConfigurationList = 1B18902A1C3A4C2B004AFADA /* Build configuration list for PBXProject "Checkers" */;
			compatibilityVersion = "Xcode 3.2";
			developmentRegion = English;
			hasScannedForEncodings = 0;
			knownRegions = (
				en,
				Base,
			);
			mainGroup = 1B1890261C3A4C2B004AFADA;
			productRefGroup = 1B1890301C3A4C2B004AFADA /* Products */;
			projectDirPath = "";
			projectRoot = "";
			targets = (
				1B18902E1C3A4C2B004AFADA /* Checkers */,
			);
		};
/* End PBXProject section */

/* Begin PBXResourcesBuildPhase section */
		1B18902D1C3A4C2B004AFADA /* Resources */ = {
			isa = PBXResourcesBuildPhase;
			buildActionMask = 2147483647;
			files = (
				1B1890421C3A4C2B004AFADA /* LaunchScreen.storyboard in Resources */,
				1B18903F1C3A4C2B004AFADA /* Assets.xcassets in Resources */,
				1B18903D1C3A4C2B004AFADA /* Main.storyboard in Resources */,
			);
			runOnlyForDeploymentPostprocessing = 0;
		};
/* End PBXResourcesBuildPhase section */

/* Begin PBXSourcesBuildPhase section */
		1B18902B1C3A4C2B004AFADA /* Sources */ = {
			isa = PBXSourcesBuildPhase;
			buildActionMask = 2147483647;
			files = (
				1B18903A1C3A4C2B004AFADA /* ViewController.m in Sources */,
				1B1890581C3AAF11004AFADA /* MTViewDeskWithCells.m in Sources */,
				1B6DD6F71C41119B002A8C44 /* MTChecker.m in Sources */,
				1B1890501C3A6792004AFADA /* UIView+MTExtensions.m in Sources */,
				1B1890371C3A4C2B004AFADA /* AppDelegate.m in Sources */,
				1B1890341C3A4C2B004AFADA /* main.m in Sources */,
			);
			runOnlyForDeploymentPostprocessing = 0;
		};
/* End PBXSourcesBuildPhase section */

/* Begin PBXVariantGroup section */
		1B18903B1C3A4C2B004AFADA /* Main.storyboard */ = {
			isa = PBXVariantGroup;
			children = (
				1B18903C1C3A4C2B004AFADA /* Base */,
			);
			name = Main.storyboard;
			sourceTree = "<group>";
		};
		1B1890401C3A4C2B004AFADA /* LaunchScreen.storyboard */ = {
			isa = PBXVariantGroup;
			children = (
				1B1890411C3A4C2B004AFADA /* Base */,
			);
			name = LaunchScreen.storyboard;
			sourceTree = "<group>";
		};
/* End PBXVariantGroup section */

/* Begin XCBuildConfiguration section */
		1B1890441C3A4C2B004AFADA /* Debug */ = {
			isa = XCBuildConfiguration;
			buildSettings = {
				ALWAYS_SEARCH_USER_PATHS = NO;
				CLANG_CXX_LANGUAGE_STANDARD = "gnu++0x";
				CLANG_CXX_LIBRARY = "libc++";
				CLANG_ENABLE_MODULES = YES;
				CLANG_ENABLE_OBJC_ARC = YES;
				CLANG_WARN_BOOL_CONVERSION = YES;
				CLANG_WARN_CONSTANT_CONVERSION = YES;
				CLANG_WARN_DIRECT_OBJC_ISA_USAGE = YES_ERROR;
				CLANG_WARN_EMPTY_BODY = YES;
				CLANG_WARN_ENUM_CONVERSION = YES;
				CLANG_WARN_INT_CONVERSION = YES;
				CLANG_WARN_OBJC_ROOT_CLASS = YES_ERROR;
				CLANG_WARN_UNREACHABLE_CODE = YES;
				CLANG_WARN__DUPLICATE_METHOD_MATCH = YES;
				"CODE_SIGN_IDENTITY[sdk=iphoneos*]" = "iPhone Developer";
				COPY_PHASE_STRIP = NO;
				DEBUG_INFORMATION_FORMAT = dwarf;
				ENABLE_STRICT_OBJC_MSGSEND = YES;
				ENABLE_TESTABILITY = YES;
				GCC_C_LANGUAGE_STANDARD = gnu99;
				GCC_DYNAMIC_NO_PIC = NO;
				GCC_NO_COMMON_BLOCKS = YES;
				GCC_OPTIMIZATION_LEVEL = 0;
				GCC_PREPROCESSOR_DEFINITIONS = (
					"DEBUG=1",
					"$(inherited)",
				);
				GCC_WARN_64_TO_32_BIT_CONVERSION = YES;
				GCC_WARN_ABOUT_RETURN_TYPE = YES_ERROR;
				GCC_WARN_UNDECLARED_SELECTOR = YES;
				GCC_WARN_UNINITIALIZED_AUTOS = YES_AGGRESSIVE;
				GCC_WARN_UNUSED_FUNCTION = YES;
				GCC_WARN_UNUSED_VARIABLE = YES;
				IPHONEOS_DEPLOYMENT_TARGET = 9.2;
				MTL_ENABLE_DEBUG_INFO = YES;
				ONLY_ACTIVE_ARCH = YES;
				SDKROOT = iphoneos;
				TARGETED_DEVICE_FAMILY = "1,2";
			};
			name = Debug;
		};
		1B1890451C3A4C2B004AFADA /* Release */ = {
			isa = XCBuildConfiguration;
			buildSettings = {
				ALWAYS_SEARCH_USER_PATHS = NO;
				CLANG_CXX_LANGUAGE_STANDARD = "gnu++0x";
				CLANG_CXX_LIBRARY = "libc++";
				CLANG_ENABLE_MODULES = YES;
				CLANG_ENABLE_OBJC_ARC = YES;
				CLANG_WARN_BOOL_CONVERSION = YES;
				CLANG_WARN_CONSTANT_CONVERSION = YES;
				CLANG_WARN_DIRECT_OBJC_ISA_USAGE = YES_ERROR;
				CLANG_WARN_EMPTY_BODY = YES;
				CLANG_WARN_ENUM_CONVERSION = YES;
				CLANG_WARN_INT_CONVERSION = YES;
				CLANG_WARN_OBJC_ROOT_CLASS = YES_ERROR;
				CLANG_WARN_UNREACHABLE_CODE = YES;
				CLANG_WARN__DUPLICATE_METHOD_MATCH = YES;
				"CODE_SIGN_IDENTITY[sdk=iphoneos*]" = "iPhone Developer";
				COPY_PHASE_STRIP = NO;
				DEBUG_INFORMATION_FORMAT = "dwarf-with-dsym";
				ENABLE_NS_ASSERTIONS = NO;
				ENABLE_STRICT_OBJC_MSGSEND = YES;
				GCC_C_LANGUAGE_STANDARD = gnu99;
				GCC_NO_COMMON_BLOCKS = YES;
				GCC_WARN_64_TO_32_BIT_CONVERSION = YES;
				GCC_WARN_ABOUT_RETURN_TYPE = YES_ERROR;
				GCC_WARN_UNDECLARED_SELECTOR = YES;
				GCC_WARN_UNINITIALIZED_AUTOS = YES_AGGRESSIVE;
				GCC_WARN_UNUSED_FUNCTION = YES;
				GCC_WARN_UNUSED_VARIABLE = YES;
				IPHONEOS_DEPLOYMENT_TARGET = 9.2;
				MTL_ENABLE_DEBUG_INFO = NO;
				SDKROOT = iphoneos;
				TARGETED_DEVICE_FAMILY = "1,2";
				VALIDATE_PRODUCT = YES;
			};
			name = Release;
		};
		1B1890471C3A4C2B004AFADA /* Debug */ = {
			isa = XCBuildConfiguration;
			buildSettings = {
				ASSETCATALOG_COMPILER_APPICON_NAME = AppIcon;
				INFOPLIST_FILE = Checkers/Info.plist;
				LD_RUNPATH_SEARCH_PATHS = "$(inherited) @executable_path/Frameworks";
				PRODUCT_BUNDLE_IDENTIFIER = MT.Checkers;
				PRODUCT_NAME = "$(TARGET_NAME)";
			};
			name = Debug;
		};
		1B1890481C3A4C2B004AFADA /* Release */ = {
			isa = XCBuildConfiguration;
			buildSettings = {
				ASSETCATALOG_COMPILER_APPICON_NAME = AppIcon;
				INFOPLIST_FILE = Checkers/Info.plist;
				LD_RUNPATH_SEARCH_PATHS = "$(inherited) @executable_path/Frameworks";
				PRODUCT_BUNDLE_IDENTIFIER = MT.Checkers;
				PRODUCT_NAME = "$(TARGET_NAME)";
			};
			name = Release;
		};
/* End XCBuildConfiguration section */

/* Begin XCConfigurationList section */
		1B18902A1C3A4C2B004AFADA /* Build configuration list for PBXProject "Checkers" */ = {
			isa = XCConfigurationList;
			buildConfigurations = (
				1B1890441C3A4C2B004AFADA /* Debug */,
				1B1890451C3A4C2B004AFADA /* Release */,
			);
			defaultConfigurationIsVisible = 0;
			defaultConfigurationName = Release;
		};
		1B1890461C3A4C2B004AFADA /* Build configuration list for PBXNativeTarget "Checkers" */ = {
			isa = XCConfigurationList;
			buildConfigurations = (
				1B1890471C3A4C2B004AFADA /* Debug */,
				1B1890481C3A4C2B004AFADA /* Release */,
			);
			defaultConfigurationIsVisible = 0;
			defaultConfigurationName = Release;
		};
/* End XCConfigurationList section */
	};
	rootObject = 1B1890271C3A4C2B004AFADA /* Project object */;
}
