// !$*UTF8*$!
{
	archiveVersion = 1;
	classes = {
	};
	objectVersion = 46;
	objects = {

/* Begin PBXBuildFile section */
		1B53CB9C1C79863100B70C91 /* main.m in Sources */ = {isa = PBXBuildFile; fileRef = 1B53CB9B1C79863100B70C91 /* main.m */; };
		1B53CB9F1C79863100B70C91 /* MTAppDelegate.m in Sources */ = {isa = PBXBuildFile; fileRef = 1B53CB9E1C79863100B70C91 /* MTAppDelegate.m */; };
		1B53CBB91C7986A600B70C91 /* Assets.xcassets in Resources */ = {isa = PBXBuildFile; fileRef = 1B53CBB31C7986A600B70C91 /* Assets.xcassets */; };
		1B53CBBA1C7986A600B70C91 /* LaunchScreen.storyboard in Resources */ = {isa = PBXBuildFile; fileRef = 1B53CBB41C7986A600B70C91 /* LaunchScreen.storyboard */; };
		1B53CBBD1C79873200B70C91 /* MTMainViewController.m in Sources */ = {isa = PBXBuildFile; fileRef = 1B53CBBC1C79873200B70C91 /* MTMainViewController.m */; };
		1B53CBC01C79875900B70C91 /* MTMainView.m in Sources */ = {isa = PBXBuildFile; fileRef = 1B53CBBF1C79875900B70C91 /* MTMainView.m */; };
/* End PBXBuildFile section */

/* Begin PBXFileReference section */
		1B53CB971C79863100B70C91 /* MTTableViewEditing.app */ = {isa = PBXFileReference; explicitFileType = wrapper.application; includeInIndex = 0; path = MTTableViewEditing.app; sourceTree = BUILT_PRODUCTS_DIR; };
		1B53CB9B1C79863100B70C91 /* main.m */ = {isa = PBXFileReference; lastKnownFileType = sourcecode.c.objc; path = main.m; sourceTree = "<group>"; };
		1B53CB9D1C79863100B70C91 /* MTAppDelegate.h */ = {isa = PBXFileReference; lastKnownFileType = sourcecode.c.h; path = MTAppDelegate.h; sourceTree = "<group>"; };
		1B53CB9E1C79863100B70C91 /* MTAppDelegate.m */ = {isa = PBXFileReference; lastKnownFileType = sourcecode.c.objc; path = MTAppDelegate.m; sourceTree = "<group>"; };
		1B53CBAB1C79863100B70C91 /* Info.plist */ = {isa = PBXFileReference; lastKnownFileType = text.plist.xml; path = Info.plist; sourceTree = "<group>"; };
		1B53CBB31C7986A600B70C91 /* Assets.xcassets */ = {isa = PBXFileReference; lastKnownFileType = folder.assetcatalog; path = Assets.xcassets; sourceTree = "<group>"; };
		1B53CBB51C7986A600B70C91 /* Base */ = {isa = PBXFileReference; lastKnownFileType = file.storyboard; name = Base; path = Base.lproj/LaunchScreen.storyboard; sourceTree = "<group>"; };
		1B53CBBB1C79873200B70C91 /* MTMainViewController.h */ = {isa = PBXFileReference; fileEncoding = 4; lastKnownFileType = sourcecode.c.h; path = MTMainViewController.h; sourceTree = "<group>"; };
		1B53CBBC1C79873200B70C91 /* MTMainViewController.m */ = {isa = PBXFileReference; fileEncoding = 4; lastKnownFileType = sourcecode.c.objc; path = MTMainViewController.m; sourceTree = "<group>"; };
		1B53CBBE1C79875900B70C91 /* MTMainView.h */ = {isa = PBXFileReference; fileEncoding = 4; lastKnownFileType = sourcecode.c.h; path = MTMainView.h; sourceTree = "<group>"; };
		1B53CBBF1C79875900B70C91 /* MTMainView.m */ = {isa = PBXFileReference; fileEncoding = 4; lastKnownFileType = sourcecode.c.objc; path = MTMainView.m; sourceTree = "<group>"; };
/* End PBXFileReference section */

/* Begin PBXFrameworksBuildPhase section */
		1B53CB941C79863100B70C91 /* Frameworks */ = {
			isa = PBXFrameworksBuildPhase;
			buildActionMask = 2147483647;
			files = (
			);
			runOnlyForDeploymentPostprocessing = 0;
		};
/* End PBXFrameworksBuildPhase section */

/* Begin PBXGroup section */
		1B53CB8E1C79863100B70C91 = {
			isa = PBXGroup;
			children = (
				1B53CBB21C7986A600B70C91 /* Resource */,
				1B53CBB61C7986A600B70C91 /* Source */,
				1B53CB991C79863100B70C91 /* MTTableViewEditing */,
				1B53CB981C79863100B70C91 /* Products */,
			);
			sourceTree = "<group>";
		};
		1B53CB981C79863100B70C91 /* Products */ = {
			isa = PBXGroup;
			children = (
				1B53CB971C79863100B70C91 /* MTTableViewEditing.app */,
			);
			name = Products;
			sourceTree = "<group>";
		};
		1B53CB991C79863100B70C91 /* MTTableViewEditing */ = {
			isa = PBXGroup;
			children = (
				1B53CB9D1C79863100B70C91 /* MTAppDelegate.h */,
				1B53CB9E1C79863100B70C91 /* MTAppDelegate.m */,
				1B53CBAB1C79863100B70C91 /* Info.plist */,
				1B53CB9A1C79863100B70C91 /* Supporting Files */,
			);
			path = MTTableViewEditing;
			sourceTree = "<group>";
		};
		1B53CB9A1C79863100B70C91 /* Supporting Files */ = {
			isa = PBXGroup;
			children = (
				1B53CB9B1C79863100B70C91 /* main.m */,
			);
			name = "Supporting Files";
			sourceTree = "<group>";
		};
		1B53CBB21C7986A600B70C91 /* Resource */ = {
			isa = PBXGroup;
			children = (
				1B53CBB31C7986A600B70C91 /* Assets.xcassets */,
				1B53CBB41C7986A600B70C91 /* LaunchScreen.storyboard */,
			);
			path = Resource;
			sourceTree = "<group>";
		};
		1B53CBB61C7986A600B70C91 /* Source */ = {
			isa = PBXGroup;
			children = (
				1B53CBB71C7986A600B70C91 /* Models */,
				1B53CBB81C7986A600B70C91 /* UI */,
			);
			path = Source;
			sourceTree = "<group>";
		};
		1B53CBB71C7986A600B70C91 /* Models */ = {
			isa = PBXGroup;
			children = (
			);
			path = Models;
			sourceTree = "<group>";
		};
		1B53CBB81C7986A600B70C91 /* UI */ = {
			isa = PBXGroup;
			children = (
				1B53CBBB1C79873200B70C91 /* MTMainViewController.h */,
				1B53CBBC1C79873200B70C91 /* MTMainViewController.m */,
				1B53CBBE1C79875900B70C91 /* MTMainView.h */,
				1B53CBBF1C79875900B70C91 /* MTMainView.m */,
			);
			path = UI;
			sourceTree = "<group>";
		};
/* End PBXGroup section */

/* Begin PBXNativeTarget section */
		1B53CB961C79863100B70C91 /* MTTableViewEditing */ = {
			isa = PBXNativeTarget;
			buildConfigurationList = 1B53CBAE1C79863100B70C91 /* Build configuration list for PBXNativeTarget "MTTableViewEditing" */;
			buildPhases = (
				1B53CB931C79863100B70C91 /* Sources */,
				1B53CB941C79863100B70C91 /* Frameworks */,
				1B53CB951C79863100B70C91 /* Resources */,
			);
			buildRules = (
			);
			dependencies = (
			);
			name = MTTableViewEditing;
			productName = MTTableViewEditing;
			productReference = 1B53CB971C79863100B70C91 /* MTTableViewEditing.app */;
			productType = "com.apple.product-type.application";
		};
/* End PBXNativeTarget section */

/* Begin PBXProject section */
		1B53CB8F1C79863100B70C91 /* Project object */ = {
			isa = PBXProject;
			attributes = {
				LastUpgradeCheck = 0720;
				ORGANIZATIONNAME = "Mark Tezza";
				TargetAttributes = {
					1B53CB961C79863100B70C91 = {
						CreatedOnToolsVersion = 7.2.1;
						DevelopmentTeam = Z662YN573K;
					};
				};
			};
			buildConfigurationList = 1B53CB921C79863100B70C91 /* Build configuration list for PBXProject "MTTableViewEditing" */;
			compatibilityVersion = "Xcode 3.2";
			developmentRegion = English;
			hasScannedForEncodings = 0;
			knownRegions = (
				en,
				Base,
			);
			mainGroup = 1B53CB8E1C79863100B70C91;
			productRefGroup = 1B53CB981C79863100B70C91 /* Products */;
			projectDirPath = "";
			projectRoot = "";
			targets = (
				1B53CB961C79863100B70C91 /* MTTableViewEditing */,
			);
		};
/* End PBXProject section */

/* Begin PBXResourcesBuildPhase section */
		1B53CB951C79863100B70C91 /* Resources */ = {
			isa = PBXResourcesBuildPhase;
			buildActionMask = 2147483647;
			files = (
				1B53CBB91C7986A600B70C91 /* Assets.xcassets in Resources */,
				1B53CBBA1C7986A600B70C91 /* LaunchScreen.storyboard in Resources */,
			);
			runOnlyForDeploymentPostprocessing = 0;
		};
/* End PBXResourcesBuildPhase section */

/* Begin PBXSourcesBuildPhase section */
		1B53CB931C79863100B70C91 /* Sources */ = {
			isa = PBXSourcesBuildPhase;
			buildActionMask = 2147483647;
			files = (
				1B53CBC01C79875900B70C91 /* MTMainView.m in Sources */,
				1B53CB9F1C79863100B70C91 /* MTAppDelegate.m in Sources */,
				1B53CBBD1C79873200B70C91 /* MTMainViewController.m in Sources */,
				1B53CB9C1C79863100B70C91 /* main.m in Sources */,
			);
			runOnlyForDeploymentPostprocessing = 0;
		};
/* End PBXSourcesBuildPhase section */

/* Begin PBXVariantGroup section */
		1B53CBB41C7986A600B70C91 /* LaunchScreen.storyboard */ = {
			isa = PBXVariantGroup;
			children = (
				1B53CBB51C7986A600B70C91 /* Base */,
			);
			name = LaunchScreen.storyboard;
			sourceTree = "<group>";
		};
/* End PBXVariantGroup section */

/* Begin XCBuildConfiguration section */
		1B53CBAC1C79863100B70C91 /* Debug */ = {
			isa = XCBuildConfiguration;
			buildSettings = {
				ALWAYS_SEARCH_USER_PATHS = NO;
				CLANG_CXX_LANGUAGE_STANDARD = "gnu++0x";
				CLANG_CXX_LIBRARY = "libc++";
				CLANG_ENABLE_MODULES = YES;
				CLANG_ENABLE_OBJC_ARC = YES;
				CLANG_WARN_BOOL_CONVERSION = YES;
				CLANG_WARN_CONSTANT_CONVERSION = YES;
				CLANG_WARN_DIRECT_OBJC_ISA_USAGE = YES_ERROR;
				CLANG_WARN_EMPTY_BODY = YES;
				CLANG_WARN_ENUM_CONVERSION = YES;
				CLANG_WARN_INT_CONVERSION = YES;
				CLANG_WARN_OBJC_ROOT_CLASS = YES_ERROR;
				CLANG_WARN_UNREACHABLE_CODE = YES;
				CLANG_WARN__DUPLICATE_METHOD_MATCH = YES;
				"CODE_SIGN_IDENTITY[sdk=iphoneos*]" = "iPhone Developer";
				COPY_PHASE_STRIP = NO;
				DEBUG_INFORMATION_FORMAT = dwarf;
				ENABLE_STRICT_OBJC_MSGSEND = YES;
				ENABLE_TESTABILITY = YES;
				GCC_C_LANGUAGE_STANDARD = gnu99;
				GCC_DYNAMIC_NO_PIC = NO;
				GCC_NO_COMMON_BLOCKS = YES;
				GCC_OPTIMIZATION_LEVEL = 0;
				GCC_PREPROCESSOR_DEFINITIONS = (
					"DEBUG=1",
					"$(inherited)",
				);
				GCC_WARN_64_TO_32_BIT_CONVERSION = YES;
				GCC_WARN_ABOUT_RETURN_TYPE = YES_ERROR;
				GCC_WARN_UNDECLARED_SELECTOR = YES;
				GCC_WARN_UNINITIALIZED_AUTOS = YES_AGGRESSIVE;
				GCC_WARN_UNUSED_FUNCTION = YES;
				GCC_WARN_UNUSED_VARIABLE = YES;
				IPHONEOS_DEPLOYMENT_TARGET = 9.2;
				MTL_ENABLE_DEBUG_INFO = YES;
				ONLY_ACTIVE_ARCH = YES;
				SDKROOT = iphoneos;
			};
			name = Debug;
		};
		1B53CBAD1C79863100B70C91 /* Release */ = {
			isa = XCBuildConfiguration;
			buildSettings = {
				ALWAYS_SEARCH_USER_PATHS = NO;
				CLANG_CXX_LANGUAGE_STANDARD = "gnu++0x";
				CLANG_CXX_LIBRARY = "libc++";
				CLANG_ENABLE_MODULES = YES;
				CLANG_ENABLE_OBJC_ARC = YES;
				CLANG_WARN_BOOL_CONVERSION = YES;
				CLANG_WARN_CONSTANT_CONVERSION = YES;
				CLANG_WARN_DIRECT_OBJC_ISA_USAGE = YES_ERROR;
				CLANG_WARN_EMPTY_BODY = YES;
				CLANG_WARN_ENUM_CONVERSION = YES;
				CLANG_WARN_INT_CONVERSION = YES;
				CLANG_WARN_OBJC_ROOT_CLASS = YES_ERROR;
				CLANG_WARN_UNREACHABLE_CODE = YES;
				CLANG_WARN__DUPLICATE_METHOD_MATCH = YES;
				"CODE_SIGN_IDENTITY[sdk=iphoneos*]" = "iPhone Developer";
				COPY_PHASE_STRIP = NO;
				DEBUG_INFORMATION_FORMAT = "dwarf-with-dsym";
				ENABLE_NS_ASSERTIONS = NO;
				ENABLE_STRICT_OBJC_MSGSEND = YES;
				GCC_C_LANGUAGE_STANDARD = gnu99;
				GCC_NO_COMMON_BLOCKS = YES;
				GCC_WARN_64_TO_32_BIT_CONVERSION = YES;
				GCC_WARN_ABOUT_RETURN_TYPE = YES_ERROR;
				GCC_WARN_UNDECLARED_SELECTOR = YES;
				GCC_WARN_UNINITIALIZED_AUTOS = YES_AGGRESSIVE;
				GCC_WARN_UNUSED_FUNCTION = YES;
				GCC_WARN_UNUSED_VARIABLE = YES;
				IPHONEOS_DEPLOYMENT_TARGET = 9.2;
				MTL_ENABLE_DEBUG_INFO = NO;
				SDKROOT = iphoneos;
				VALIDATE_PRODUCT = YES;
			};
			name = Release;
		};
		1B53CBAF1C79863100B70C91 /* Debug */ = {
			isa = XCBuildConfiguration;
			buildSettings = {
				ASSETCATALOG_COMPILER_APPICON_NAME = AppIcon;
				INFOPLIST_FILE = MTTableViewEditing/Info.plist;
				LD_RUNPATH_SEARCH_PATHS = "$(inherited) @executable_path/Frameworks";
				PRODUCT_BUNDLE_IDENTIFIER = MT.MTTableViewEditing;
				PRODUCT_NAME = "$(TARGET_NAME)";
			};
			name = Debug;
		};
		1B53CBB01C79863100B70C91 /* Release */ = {
			isa = XCBuildConfiguration;
			buildSettings = {
				ASSETCATALOG_COMPILER_APPICON_NAME = AppIcon;
				INFOPLIST_FILE = MTTableViewEditing/Info.plist;
				LD_RUNPATH_SEARCH_PATHS = "$(inherited) @executable_path/Frameworks";
				PRODUCT_BUNDLE_IDENTIFIER = MT.MTTableViewEditing;
				PRODUCT_NAME = "$(TARGET_NAME)";
			};
			name = Release;
		};
/* End XCBuildConfiguration section */

/* Begin XCConfigurationList section */
		1B53CB921C79863100B70C91 /* Build configuration list for PBXProject "MTTableViewEditing" */ = {
			isa = XCConfigurationList;
			buildConfigurations = (
				1B53CBAC1C79863100B70C91 /* Debug */,
				1B53CBAD1C79863100B70C91 /* Release */,
			);
			defaultConfigurationIsVisible = 0;
			defaultConfigurationName = Release;
		};
		1B53CBAE1C79863100B70C91 /* Build configuration list for PBXNativeTarget "MTTableViewEditing" */ = {
			isa = XCConfigurationList;
			buildConfigurations = (
				1B53CBAF1C79863100B70C91 /* Debug */,
				1B53CBB01C79863100B70C91 /* Release */,
			);
			defaultConfigurationIsVisible = 0;
		};
/* End XCConfigurationList section */
	};
	rootObject = 1B53CB8F1C79863100B70C91 /* Project object */;
}
